
Microsoft Visual Studio Solution File, Format Version 12.00
# Visual Studio 15
VisualStudioVersion = 15.0.26124.0
MinimumVisualStudioVersion = 15.0.26124.0
Project("{FAE04EC0-301F-11D3-BF4B-00C04F79EFBC}") = "net.atos.daf.ct2.audit", "net.atos.daf.ct2.audit\net.atos.daf.ct2.audit.csproj", "{65A85F48-15AA-4CF6-829F-0CA7A7618A64}"
EndProject
Project("{FAE04EC0-301F-11D3-BF4B-00C04F79EFBC}") = "net.atos.daf.ct2.data", "net.atos.daf.ct2.data\net.atos.daf.ct2.data.csproj", "{A35F1A42-50DA-432D-B7A5-56911EFDD103}"
EndProject
Project("{FAE04EC0-301F-11D3-BF4B-00C04F79EFBC}") = "net.atos.daf.ct2.exceptionhandling", "net.atos.daf.ct2.exceptionhandling\net.atos.daf.ct2.exceptionhandling.csproj", "{4F8F411F-EF48-4782-80BD-02E9370AA330}"
EndProject
Project("{FAE04EC0-301F-11D3-BF4B-00C04F79EFBC}") = "net.atos.daf.ct2.utilities", "net.atos.daf.ct2.utilities\net.atos.daf.ct2.utilities.csproj", "{76B1E21A-53BA-482E-999D-FF964A71A510}"
EndProject
Global
	GlobalSection(SolutionConfigurationPlatforms) = preSolution
		Debug|Any CPU = Debug|Any CPU
		Debug|x64 = Debug|x64
		Debug|x86 = Debug|x86
		Release|Any CPU = Release|Any CPU
		Release|x64 = Release|x64
		Release|x86 = Release|x86
	EndGlobalSection
	GlobalSection(SolutionProperties) = preSolution
		HideSolutionNode = FALSE
	EndGlobalSection
	GlobalSection(ProjectConfigurationPlatforms) = postSolution
		{65A85F48-15AA-4CF6-829F-0CA7A7618A64}.Debug|Any CPU.ActiveCfg = Debug|Any CPU
		{65A85F48-15AA-4CF6-829F-0CA7A7618A64}.Debug|Any CPU.Build.0 = Debug|Any CPU
		{65A85F48-15AA-4CF6-829F-0CA7A7618A64}.Debug|x64.ActiveCfg = Debug|Any CPU
		{65A85F48-15AA-4CF6-829F-0CA7A7618A64}.Debug|x64.Build.0 = Debug|Any CPU
		{65A85F48-15AA-4CF6-829F-0CA7A7618A64}.Debug|x86.ActiveCfg = Debug|Any CPU
		{65A85F48-15AA-4CF6-829F-0CA7A7618A64}.Debug|x86.Build.0 = Debug|Any CPU
		{65A85F48-15AA-4CF6-829F-0CA7A7618A64}.Release|Any CPU.ActiveCfg = Release|Any CPU
		{65A85F48-15AA-4CF6-829F-0CA7A7618A64}.Release|Any CPU.Build.0 = Release|Any CPU
		{65A85F48-15AA-4CF6-829F-0CA7A7618A64}.Release|x64.ActiveCfg = Release|Any CPU
		{65A85F48-15AA-4CF6-829F-0CA7A7618A64}.Release|x64.Build.0 = Release|Any CPU
		{65A85F48-15AA-4CF6-829F-0CA7A7618A64}.Release|x86.ActiveCfg = Release|Any CPU
		{65A85F48-15AA-4CF6-829F-0CA7A7618A64}.Release|x86.Build.0 = Release|Any CPU
		{A35F1A42-50DA-432D-B7A5-56911EFDD103}.Debug|Any CPU.ActiveCfg = Debug|Any CPU
		{A35F1A42-50DA-432D-B7A5-56911EFDD103}.Debug|Any CPU.Build.0 = Debug|Any CPU
		{A35F1A42-50DA-432D-B7A5-56911EFDD103}.Debug|x64.ActiveCfg = Debug|Any CPU
		{A35F1A42-50DA-432D-B7A5-56911EFDD103}.Debug|x64.Build.0 = Debug|Any CPU
		{A35F1A42-50DA-432D-B7A5-56911EFDD103}.Debug|x86.ActiveCfg = Debug|Any CPU
		{A35F1A42-50DA-432D-B7A5-56911EFDD103}.Debug|x86.Build.0 = Debug|Any CPU
		{A35F1A42-50DA-432D-B7A5-56911EFDD103}.Release|Any CPU.ActiveCfg = Release|Any CPU
		{A35F1A42-50DA-432D-B7A5-56911EFDD103}.Release|Any CPU.Build.0 = Release|Any CPU
		{A35F1A42-50DA-432D-B7A5-56911EFDD103}.Release|x64.ActiveCfg = Release|Any CPU
		{A35F1A42-50DA-432D-B7A5-56911EFDD103}.Release|x64.Build.0 = Release|Any CPU
		{A35F1A42-50DA-432D-B7A5-56911EFDD103}.Release|x86.ActiveCfg = Release|Any CPU
		{A35F1A42-50DA-432D-B7A5-56911EFDD103}.Release|x86.Build.0 = Release|Any CPU
		{4F8F411F-EF48-4782-80BD-02E9370AA330}.Debug|Any CPU.ActiveCfg = Debug|Any CPU
		{4F8F411F-EF48-4782-80BD-02E9370AA330}.Debug|Any CPU.Build.0 = Debug|Any CPU
		{4F8F411F-EF48-4782-80BD-02E9370AA330}.Debug|x64.ActiveCfg = Debug|Any CPU
		{4F8F411F-EF48-4782-80BD-02E9370AA330}.Debug|x64.Build.0 = Debug|Any CPU
		{4F8F411F-EF48-4782-80BD-02E9370AA330}.Debug|x86.ActiveCfg = Debug|Any CPU
		{4F8F411F-EF48-4782-80BD-02E9370AA330}.Debug|x86.Build.0 = Debug|Any CPU
		{4F8F411F-EF48-4782-80BD-02E9370AA330}.Release|Any CPU.ActiveCfg = Release|Any CPU
		{4F8F411F-EF48-4782-80BD-02E9370AA330}.Release|Any CPU.Build.0 = Release|Any CPU
		{4F8F411F-EF48-4782-80BD-02E9370AA330}.Release|x64.ActiveCfg = Release|Any CPU
		{4F8F411F-EF48-4782-80BD-02E9370AA330}.Release|x64.Build.0 = Release|Any CPU
		{4F8F411F-EF48-4782-80BD-02E9370AA330}.Release|x86.ActiveCfg = Release|Any CPU
		{4F8F411F-EF48-4782-80BD-02E9370AA330}.Release|x86.Build.0 = Release|Any CPU
		{76B1E21A-53BA-482E-999D-FF964A71A510}.Debug|Any CPU.ActiveCfg = Debug|Any CPU
		{76B1E21A-53BA-482E-999D-FF964A71A510}.Debug|Any CPU.Build.0 = Debug|Any CPU
		{76B1E21A-53BA-482E-999D-FF964A71A510}.Debug|x64.ActiveCfg = Debug|Any CPU
		{76B1E21A-53BA-482E-999D-FF964A71A510}.Debug|x64.Build.0 = Debug|Any CPU
		{76B1E21A-53BA-482E-999D-FF964A71A510}.Debug|x86.ActiveCfg = Debug|Any CPU
		{76B1E21A-53BA-482E-999D-FF964A71A510}.Debug|x86.Build.0 = Debug|Any CPU
		{76B1E21A-53BA-482E-999D-FF964A71A510}.Release|Any CPU.ActiveCfg = Release|Any CPU
		{76B1E21A-53BA-482E-999D-FF964A71A510}.Release|Any CPU.Build.0 = Release|Any CPU
		{76B1E21A-53BA-482E-999D-FF964A71A510}.Release|x64.ActiveCfg = Release|Any CPU
		{76B1E21A-53BA-482E-999D-FF964A71A510}.Release|x64.Build.0 = Release|Any CPU
		{76B1E21A-53BA-482E-999D-FF964A71A510}.Release|x86.ActiveCfg = Release|Any CPU
		{76B1E21A-53BA-482E-999D-FF964A71A510}.Release|x86.Build.0 = Release|Any CPU
	EndGlobalSection
	GlobalSection(NestedProjects) = preSolution
	EndGlobalSection
EndGlobal
