
Microsoft Visual Studio Solution File, Format Version 12.00
# Visual Studio 15
VisualStudioVersion = 15.0.26124.0
MinimumVisualStudioVersion = 15.0.26124.0
Project("{FAE04EC0-301F-11D3-BF4B-00C04F79EFBC}") = "net.atos.daf.ct2.accountservice", "net.atos.daf.ct2.accountservice\net.atos.daf.ct2.accountservice.csproj", "{4738C0FB-71FF-4557-A50C-F4532062E421}"
EndProject
Project("{FAE04EC0-301F-11D3-BF4B-00C04F79EFBC}") = "net.atos.daf.ct2.roleservice", "net.atos.daf.ct2.roleservice\net.atos.daf.ct2.roleservice.csproj", "{0BE36F8A-0E9A-42A6-B3B6-D7134CD5ACE8}"
EndProject
Project("{FAE04EC0-301F-11D3-BF4B-00C04F79EFBC}") = "net.atos.daf.ct2.vehicleservice", "net.atos.daf.ct2.vehicleservice\net.atos.daf.ct2.vehicleservice.csproj", "{4FA699AE-8B8B-4560-BB9F-1EF782A281FE}"
EndProject
Project("{FAE04EC0-301F-11D3-BF4B-00C04F79EFBC}") = "net.atos.daf.ct2.identityservice", "net.atos.daf.ct2.identityservice\net.atos.daf.ct2.identityservice.csproj", "{EB1FD665-3CA8-4D35-9924-B6FDB266DE1A}"
EndProject
Global
	GlobalSection(SolutionConfigurationPlatforms) = preSolution
		Debug|Any CPU = Debug|Any CPU
		Debug|x64 = Debug|x64
		Debug|x86 = Debug|x86
		Release|Any CPU = Release|Any CPU
		Release|x64 = Release|x64
		Release|x86 = Release|x86
	EndGlobalSection
	GlobalSection(SolutionProperties) = preSolution
		HideSolutionNode = FALSE
	EndGlobalSection
	GlobalSection(ProjectConfigurationPlatforms) = postSolution
		{4738C0FB-71FF-4557-A50C-F4532062E421}.Debug|Any CPU.ActiveCfg = Debug|Any CPU
		{4738C0FB-71FF-4557-A50C-F4532062E421}.Debug|Any CPU.Build.0 = Debug|Any CPU
		{4738C0FB-71FF-4557-A50C-F4532062E421}.Debug|x64.ActiveCfg = Debug|Any CPU
		{4738C0FB-71FF-4557-A50C-F4532062E421}.Debug|x64.Build.0 = Debug|Any CPU
		{4738C0FB-71FF-4557-A50C-F4532062E421}.Debug|x86.ActiveCfg = Debug|Any CPU
		{4738C0FB-71FF-4557-A50C-F4532062E421}.Debug|x86.Build.0 = Debug|Any CPU
		{4738C0FB-71FF-4557-A50C-F4532062E421}.Release|Any CPU.ActiveCfg = Release|Any CPU
		{4738C0FB-71FF-4557-A50C-F4532062E421}.Release|Any CPU.Build.0 = Release|Any CPU
		{4738C0FB-71FF-4557-A50C-F4532062E421}.Release|x64.ActiveCfg = Release|Any CPU
		{4738C0FB-71FF-4557-A50C-F4532062E421}.Release|x64.Build.0 = Release|Any CPU
		{4738C0FB-71FF-4557-A50C-F4532062E421}.Release|x86.ActiveCfg = Release|Any CPU
		{4738C0FB-71FF-4557-A50C-F4532062E421}.Release|x86.Build.0 = Release|Any CPU
		{0BE36F8A-0E9A-42A6-B3B6-D7134CD5ACE8}.Debug|Any CPU.ActiveCfg = Debug|Any CPU
		{0BE36F8A-0E9A-42A6-B3B6-D7134CD5ACE8}.Debug|Any CPU.Build.0 = Debug|Any CPU
		{0BE36F8A-0E9A-42A6-B3B6-D7134CD5ACE8}.Debug|x64.ActiveCfg = Debug|Any CPU
		{0BE36F8A-0E9A-42A6-B3B6-D7134CD5ACE8}.Debug|x64.Build.0 = Debug|Any CPU
		{0BE36F8A-0E9A-42A6-B3B6-D7134CD5ACE8}.Debug|x86.ActiveCfg = Debug|Any CPU
		{0BE36F8A-0E9A-42A6-B3B6-D7134CD5ACE8}.Debug|x86.Build.0 = Debug|Any CPU
		{0BE36F8A-0E9A-42A6-B3B6-D7134CD5ACE8}.Release|Any CPU.ActiveCfg = Release|Any CPU
		{0BE36F8A-0E9A-42A6-B3B6-D7134CD5ACE8}.Release|Any CPU.Build.0 = Release|Any CPU
		{0BE36F8A-0E9A-42A6-B3B6-D7134CD5ACE8}.Release|x64.ActiveCfg = Release|Any CPU
		{0BE36F8A-0E9A-42A6-B3B6-D7134CD5ACE8}.Release|x64.Build.0 = Release|Any CPU
		{0BE36F8A-0E9A-42A6-B3B6-D7134CD5ACE8}.Release|x86.ActiveCfg = Release|Any CPU
		{0BE36F8A-0E9A-42A6-B3B6-D7134CD5ACE8}.Release|x86.Build.0 = Release|Any CPU
		{4FA699AE-8B8B-4560-BB9F-1EF782A281FE}.Debug|Any CPU.ActiveCfg = Debug|Any CPU
		{4FA699AE-8B8B-4560-BB9F-1EF782A281FE}.Debug|Any CPU.Build.0 = Debug|Any CPU
		{4FA699AE-8B8B-4560-BB9F-1EF782A281FE}.Debug|x64.ActiveCfg = Debug|Any CPU
		{4FA699AE-8B8B-4560-BB9F-1EF782A281FE}.Debug|x64.Build.0 = Debug|Any CPU
		{4FA699AE-8B8B-4560-BB9F-1EF782A281FE}.Debug|x86.ActiveCfg = Debug|Any CPU
		{4FA699AE-8B8B-4560-BB9F-1EF782A281FE}.Debug|x86.Build.0 = Debug|Any CPU
		{4FA699AE-8B8B-4560-BB9F-1EF782A281FE}.Release|Any CPU.ActiveCfg = Release|Any CPU
		{4FA699AE-8B8B-4560-BB9F-1EF782A281FE}.Release|Any CPU.Build.0 = Release|Any CPU
		{4FA699AE-8B8B-4560-BB9F-1EF782A281FE}.Release|x64.ActiveCfg = Release|Any CPU
		{4FA699AE-8B8B-4560-BB9F-1EF782A281FE}.Release|x64.Build.0 = Release|Any CPU
		{4FA699AE-8B8B-4560-BB9F-1EF782A281FE}.Release|x86.ActiveCfg = Release|Any CPU
		{4FA699AE-8B8B-4560-BB9F-1EF782A281FE}.Release|x86.Build.0 = Release|Any CPU
		{EB1FD665-3CA8-4D35-9924-B6FDB266DE1A}.Debug|Any CPU.ActiveCfg = Debug|Any CPU
		{EB1FD665-3CA8-4D35-9924-B6FDB266DE1A}.Debug|Any CPU.Build.0 = Debug|Any CPU
		{EB1FD665-3CA8-4D35-9924-B6FDB266DE1A}.Debug|x64.ActiveCfg = Debug|Any CPU
		{EB1FD665-3CA8-4D35-9924-B6FDB266DE1A}.Debug|x64.Build.0 = Debug|Any CPU
		{EB1FD665-3CA8-4D35-9924-B6FDB266DE1A}.Debug|x86.ActiveCfg = Debug|Any CPU
		{EB1FD665-3CA8-4D35-9924-B6FDB266DE1A}.Debug|x86.Build.0 = Debug|Any CPU
		{EB1FD665-3CA8-4D35-9924-B6FDB266DE1A}.Release|Any CPU.ActiveCfg = Release|Any CPU
		{EB1FD665-3CA8-4D35-9924-B6FDB266DE1A}.Release|Any CPU.Build.0 = Release|Any CPU
		{EB1FD665-3CA8-4D35-9924-B6FDB266DE1A}.Release|x64.ActiveCfg = Release|Any CPU
		{EB1FD665-3CA8-4D35-9924-B6FDB266DE1A}.Release|x64.Build.0 = Release|Any CPU
		{EB1FD665-3CA8-4D35-9924-B6FDB266DE1A}.Release|x86.ActiveCfg = Release|Any CPU
		{EB1FD665-3CA8-4D35-9924-B6FDB266DE1A}.Release|x86.Build.0 = Release|Any CPU
	EndGlobalSection
	GlobalSection(NestedProjects) = preSolution
	EndGlobalSection
EndGlobal
