
Microsoft Visual Studio Solution File, Format Version 12.00
# Visual Studio 15
VisualStudioVersion = 15.0.26124.0
MinimumVisualStudioVersion = 15.0.26124.0
Project("{2150E333-8FDC-42A3-9474-1A3956D46DE8}") = "components", "components", "{022C9DE3-2145-4523-90E3-58D1BF4B880B}"
EndProject
Project("{FAE04EC0-301F-11D3-BF4B-00C04F79EFBC}") = "net.atos.daf.ct2.identity", "components\net.atos.daf.ct2.identity\net.atos.daf.ct2.identity.csproj", "{909E565F-B0D7-4DE5-BEE8-5C47A33E2D29}"
EndProject
Project("{FAE04EC0-301F-11D3-BF4B-00C04F79EFBC}") = "net.atos.daf.ct2.role", "components\net.atos.daf.ct2.role\net.atos.daf.ct2.role.csproj", "{32B2A27C-9A95-48ED-B625-E72A192507B0}"
EndProject
Project("{FAE04EC0-301F-11D3-BF4B-00C04F79EFBC}") = "net.atos.daf.ct2.session", "components\net.atos.daf.ct2.session\net.atos.daf.ct2.session.csproj", "{426AD272-40D2-480E-923B-1D8157942D98}"
EndProject
Project("{FAE04EC0-301F-11D3-BF4B-00C04F79EFBC}") = "net.atos.daf.ct2.vehicle", "components\net.atos.daf.ct2.vehicle\net.atos.daf.ct2.vehicle.csproj", "{8B152172-36E9-4E1B-9DE6-CD74E90EF9AB}"
EndProject
Project("{2150E333-8FDC-42A3-9474-1A3956D46DE8}") = "repository", "repository", "{E5C7AD91-4CF2-4E97-8B10-90BE7C38446A}"
EndProject
Project("{FAE04EC0-301F-11D3-BF4B-00C04F79EFBC}") = "net.atos.daf.ct2.accountrepository", "repository\net.atos.daf.ct2.accountrepository\net.atos.daf.ct2.accountrepository.csproj", "{9DD9CD7C-02F4-482C-9FB9-044F29C9D04B}"
EndProject
Project("{FAE04EC0-301F-11D3-BF4B-00C04F79EFBC}") = "net.atos.daf.ct2.rolerepository", "repository\net.atos.daf.ct2.rolerepository\net.atos.daf.ct2.rolerepository.csproj", "{3A81CE21-DD01-4794-AFA0-B08AD4A14ABE}"
EndProject
Project("{FAE04EC0-301F-11D3-BF4B-00C04F79EFBC}") = "net.atos.daf.ct2.sessionrepository", "repository\net.atos.daf.ct2.sessionrepository\net.atos.daf.ct2.sessionrepository.csproj", "{530CB45A-FC40-4AA7-AE79-1D2B3DC7C346}"
EndProject
Project("{FAE04EC0-301F-11D3-BF4B-00C04F79EFBC}") = "net.atos.daf.ct2.vehiclerepository", "repository\net.atos.daf.ct2.vehiclerepository\net.atos.daf.ct2.vehiclerepository.csproj", "{6F77D731-3D2C-45D3-9074-A35EE74CC35F}"
EndProject
Project("{2150E333-8FDC-42A3-9474-1A3956D46DE8}") = "services", "services", "{19EE854C-3572-4E4E-9D8A-A37430D6C258}"
EndProject
Project("{FAE04EC0-301F-11D3-BF4B-00C04F79EFBC}") = "net.atos.daf.ct2.accountservice", "services\net.atos.daf.ct2.accountservice\net.atos.daf.ct2.accountservice.csproj", "{F98BEA24-9A1F-46D8-8141-3177E89740E2}"
EndProject
Project("{FAE04EC0-301F-11D3-BF4B-00C04F79EFBC}") = "net.atos.daf.ct2.authservice", "services\net.atos.daf.ct2.authservice\net.atos.daf.ct2.authservice.csproj", "{7ED97C71-043E-4E1E-A1EB-2F2ED87E1C93}"
EndProject
Project("{FAE04EC0-301F-11D3-BF4B-00C04F79EFBC}") = "net.atos.daf.ct2.roleservice", "services\net.atos.daf.ct2.roleservice\net.atos.daf.ct2.roleservice.csproj", "{6B13B70A-FC97-45FF-AB3B-2936E62ED67E}"
EndProject
Project("{FAE04EC0-301F-11D3-BF4B-00C04F79EFBC}") = "net.atos.daf.ct2.vehicleservice", "services\net.atos.daf.ct2.vehicleservice\net.atos.daf.ct2.vehicleservice.csproj", "{E5AAB174-D69B-4E8F-BE31-E66CC505316C}"
EndProject
Project("{2150E333-8FDC-42A3-9474-1A3956D46DE8}") = "test", "test", "{16D06C17-D652-4AB8-8EE7-63F5D1AC093B}"
EndProject
Project("{2150E333-8FDC-42A3-9474-1A3956D46DE8}") = "components", "components", "{E1AA4F31-92DB-4E3E-AD69-03DDC3A7217E}"
EndProject
Project("{FAE04EC0-301F-11D3-BF4B-00C04F79EFBC}") = "net.atos.daf.ct2.account.test", "test\components\net.atos.daf.ct2.account.test\net.atos.daf.ct2.account.test.csproj", "{9F1A0433-F254-4968-B5FE-EEA29BF1EF2D}"
EndProject
Project("{2150E333-8FDC-42A3-9474-1A3956D46DE8}") = "repository", "repository", "{494B25B8-1481-40FE-9466-F9AA7A59A51E}"
EndProject
Project("{FAE04EC0-301F-11D3-BF4B-00C04F79EFBC}") = "net.atos.daf.ct2.accountrepository.test", "test\repository\net.atos.daf.ct2.accountrepository.test\net.atos.daf.ct2.accountrepository.test.csproj", "{254BCD99-567D-4F9E-876B-7C6B79101F14}"
EndProject
Project("{2150E333-8FDC-42A3-9474-1A3956D46DE8}") = "services", "services", "{F317DFBE-A1C9-4679-9BD1-F9AAC33BA043}"
EndProject
Project("{FAE04EC0-301F-11D3-BF4B-00C04F79EFBC}") = "net.atos.daf.ct2.accountservice.test", "test\services\net.atos.daf.ct2.accountservice.test\net.atos.daf.ct2.accountservice.test.csproj", "{A24E7991-4031-473C-8D91-E555344DDD85}"
EndProject
Global
	GlobalSection(SolutionConfigurationPlatforms) = preSolution
		Debug|Any CPU = Debug|Any CPU
		Debug|x64 = Debug|x64
		Debug|x86 = Debug|x86
		Release|Any CPU = Release|Any CPU
		Release|x64 = Release|x64
		Release|x86 = Release|x86
	EndGlobalSection
	GlobalSection(SolutionProperties) = preSolution
		HideSolutionNode = FALSE
	EndGlobalSection
	GlobalSection(ProjectConfigurationPlatforms) = postSolution
		{909E565F-B0D7-4DE5-BEE8-5C47A33E2D29}.Debug|Any CPU.ActiveCfg = Debug|Any CPU
		{909E565F-B0D7-4DE5-BEE8-5C47A33E2D29}.Debug|Any CPU.Build.0 = Debug|Any CPU
		{909E565F-B0D7-4DE5-BEE8-5C47A33E2D29}.Debug|x64.ActiveCfg = Debug|Any CPU
		{909E565F-B0D7-4DE5-BEE8-5C47A33E2D29}.Debug|x64.Build.0 = Debug|Any CPU
		{909E565F-B0D7-4DE5-BEE8-5C47A33E2D29}.Debug|x86.ActiveCfg = Debug|Any CPU
		{909E565F-B0D7-4DE5-BEE8-5C47A33E2D29}.Debug|x86.Build.0 = Debug|Any CPU
		{909E565F-B0D7-4DE5-BEE8-5C47A33E2D29}.Release|Any CPU.ActiveCfg = Release|Any CPU
		{909E565F-B0D7-4DE5-BEE8-5C47A33E2D29}.Release|Any CPU.Build.0 = Release|Any CPU
		{909E565F-B0D7-4DE5-BEE8-5C47A33E2D29}.Release|x64.ActiveCfg = Release|Any CPU
		{909E565F-B0D7-4DE5-BEE8-5C47A33E2D29}.Release|x64.Build.0 = Release|Any CPU
		{909E565F-B0D7-4DE5-BEE8-5C47A33E2D29}.Release|x86.ActiveCfg = Release|Any CPU
		{909E565F-B0D7-4DE5-BEE8-5C47A33E2D29}.Release|x86.Build.0 = Release|Any CPU
		{32B2A27C-9A95-48ED-B625-E72A192507B0}.Debug|Any CPU.ActiveCfg = Debug|Any CPU
		{32B2A27C-9A95-48ED-B625-E72A192507B0}.Debug|Any CPU.Build.0 = Debug|Any CPU
		{32B2A27C-9A95-48ED-B625-E72A192507B0}.Debug|x64.ActiveCfg = Debug|Any CPU
		{32B2A27C-9A95-48ED-B625-E72A192507B0}.Debug|x64.Build.0 = Debug|Any CPU
		{32B2A27C-9A95-48ED-B625-E72A192507B0}.Debug|x86.ActiveCfg = Debug|Any CPU
		{32B2A27C-9A95-48ED-B625-E72A192507B0}.Debug|x86.Build.0 = Debug|Any CPU
		{32B2A27C-9A95-48ED-B625-E72A192507B0}.Release|Any CPU.ActiveCfg = Release|Any CPU
		{32B2A27C-9A95-48ED-B625-E72A192507B0}.Release|Any CPU.Build.0 = Release|Any CPU
		{32B2A27C-9A95-48ED-B625-E72A192507B0}.Release|x64.ActiveCfg = Release|Any CPU
		{32B2A27C-9A95-48ED-B625-E72A192507B0}.Release|x64.Build.0 = Release|Any CPU
		{32B2A27C-9A95-48ED-B625-E72A192507B0}.Release|x86.ActiveCfg = Release|Any CPU
		{32B2A27C-9A95-48ED-B625-E72A192507B0}.Release|x86.Build.0 = Release|Any CPU
		{426AD272-40D2-480E-923B-1D8157942D98}.Debug|Any CPU.ActiveCfg = Debug|Any CPU
		{426AD272-40D2-480E-923B-1D8157942D98}.Debug|Any CPU.Build.0 = Debug|Any CPU
		{426AD272-40D2-480E-923B-1D8157942D98}.Debug|x64.ActiveCfg = Debug|Any CPU
		{426AD272-40D2-480E-923B-1D8157942D98}.Debug|x64.Build.0 = Debug|Any CPU
		{426AD272-40D2-480E-923B-1D8157942D98}.Debug|x86.ActiveCfg = Debug|Any CPU
		{426AD272-40D2-480E-923B-1D8157942D98}.Debug|x86.Build.0 = Debug|Any CPU
		{426AD272-40D2-480E-923B-1D8157942D98}.Release|Any CPU.ActiveCfg = Release|Any CPU
		{426AD272-40D2-480E-923B-1D8157942D98}.Release|Any CPU.Build.0 = Release|Any CPU
		{426AD272-40D2-480E-923B-1D8157942D98}.Release|x64.ActiveCfg = Release|Any CPU
		{426AD272-40D2-480E-923B-1D8157942D98}.Release|x64.Build.0 = Release|Any CPU
		{426AD272-40D2-480E-923B-1D8157942D98}.Release|x86.ActiveCfg = Release|Any CPU
		{426AD272-40D2-480E-923B-1D8157942D98}.Release|x86.Build.0 = Release|Any CPU
		{8B152172-36E9-4E1B-9DE6-CD74E90EF9AB}.Debug|Any CPU.ActiveCfg = Debug|Any CPU
		{8B152172-36E9-4E1B-9DE6-CD74E90EF9AB}.Debug|Any CPU.Build.0 = Debug|Any CPU
		{8B152172-36E9-4E1B-9DE6-CD74E90EF9AB}.Debug|x64.ActiveCfg = Debug|Any CPU
		{8B152172-36E9-4E1B-9DE6-CD74E90EF9AB}.Debug|x64.Build.0 = Debug|Any CPU
		{8B152172-36E9-4E1B-9DE6-CD74E90EF9AB}.Debug|x86.ActiveCfg = Debug|Any CPU
		{8B152172-36E9-4E1B-9DE6-CD74E90EF9AB}.Debug|x86.Build.0 = Debug|Any CPU
		{8B152172-36E9-4E1B-9DE6-CD74E90EF9AB}.Release|Any CPU.ActiveCfg = Release|Any CPU
		{8B152172-36E9-4E1B-9DE6-CD74E90EF9AB}.Release|Any CPU.Build.0 = Release|Any CPU
		{8B152172-36E9-4E1B-9DE6-CD74E90EF9AB}.Release|x64.ActiveCfg = Release|Any CPU
		{8B152172-36E9-4E1B-9DE6-CD74E90EF9AB}.Release|x64.Build.0 = Release|Any CPU
		{8B152172-36E9-4E1B-9DE6-CD74E90EF9AB}.Release|x86.ActiveCfg = Release|Any CPU
		{8B152172-36E9-4E1B-9DE6-CD74E90EF9AB}.Release|x86.Build.0 = Release|Any CPU
		{9DD9CD7C-02F4-482C-9FB9-044F29C9D04B}.Debug|Any CPU.ActiveCfg = Debug|Any CPU
		{9DD9CD7C-02F4-482C-9FB9-044F29C9D04B}.Debug|Any CPU.Build.0 = Debug|Any CPU
		{9DD9CD7C-02F4-482C-9FB9-044F29C9D04B}.Debug|x64.ActiveCfg = Debug|Any CPU
		{9DD9CD7C-02F4-482C-9FB9-044F29C9D04B}.Debug|x64.Build.0 = Debug|Any CPU
		{9DD9CD7C-02F4-482C-9FB9-044F29C9D04B}.Debug|x86.ActiveCfg = Debug|Any CPU
		{9DD9CD7C-02F4-482C-9FB9-044F29C9D04B}.Debug|x86.Build.0 = Debug|Any CPU
		{9DD9CD7C-02F4-482C-9FB9-044F29C9D04B}.Release|Any CPU.ActiveCfg = Release|Any CPU
		{9DD9CD7C-02F4-482C-9FB9-044F29C9D04B}.Release|Any CPU.Build.0 = Release|Any CPU
		{9DD9CD7C-02F4-482C-9FB9-044F29C9D04B}.Release|x64.ActiveCfg = Release|Any CPU
		{9DD9CD7C-02F4-482C-9FB9-044F29C9D04B}.Release|x64.Build.0 = Release|Any CPU
		{9DD9CD7C-02F4-482C-9FB9-044F29C9D04B}.Release|x86.ActiveCfg = Release|Any CPU
		{9DD9CD7C-02F4-482C-9FB9-044F29C9D04B}.Release|x86.Build.0 = Release|Any CPU
		{3A81CE21-DD01-4794-AFA0-B08AD4A14ABE}.Debug|Any CPU.ActiveCfg = Debug|Any CPU
		{3A81CE21-DD01-4794-AFA0-B08AD4A14ABE}.Debug|Any CPU.Build.0 = Debug|Any CPU
		{3A81CE21-DD01-4794-AFA0-B08AD4A14ABE}.Debug|x64.ActiveCfg = Debug|Any CPU
		{3A81CE21-DD01-4794-AFA0-B08AD4A14ABE}.Debug|x64.Build.0 = Debug|Any CPU
		{3A81CE21-DD01-4794-AFA0-B08AD4A14ABE}.Debug|x86.ActiveCfg = Debug|Any CPU
		{3A81CE21-DD01-4794-AFA0-B08AD4A14ABE}.Debug|x86.Build.0 = Debug|Any CPU
		{3A81CE21-DD01-4794-AFA0-B08AD4A14ABE}.Release|Any CPU.ActiveCfg = Release|Any CPU
		{3A81CE21-DD01-4794-AFA0-B08AD4A14ABE}.Release|Any CPU.Build.0 = Release|Any CPU
		{3A81CE21-DD01-4794-AFA0-B08AD4A14ABE}.Release|x64.ActiveCfg = Release|Any CPU
		{3A81CE21-DD01-4794-AFA0-B08AD4A14ABE}.Release|x64.Build.0 = Release|Any CPU
		{3A81CE21-DD01-4794-AFA0-B08AD4A14ABE}.Release|x86.ActiveCfg = Release|Any CPU
		{3A81CE21-DD01-4794-AFA0-B08AD4A14ABE}.Release|x86.Build.0 = Release|Any CPU
		{530CB45A-FC40-4AA7-AE79-1D2B3DC7C346}.Debug|Any CPU.ActiveCfg = Debug|Any CPU
		{530CB45A-FC40-4AA7-AE79-1D2B3DC7C346}.Debug|Any CPU.Build.0 = Debug|Any CPU
		{530CB45A-FC40-4AA7-AE79-1D2B3DC7C346}.Debug|x64.ActiveCfg = Debug|Any CPU
		{530CB45A-FC40-4AA7-AE79-1D2B3DC7C346}.Debug|x64.Build.0 = Debug|Any CPU
		{530CB45A-FC40-4AA7-AE79-1D2B3DC7C346}.Debug|x86.ActiveCfg = Debug|Any CPU
		{530CB45A-FC40-4AA7-AE79-1D2B3DC7C346}.Debug|x86.Build.0 = Debug|Any CPU
		{530CB45A-FC40-4AA7-AE79-1D2B3DC7C346}.Release|Any CPU.ActiveCfg = Release|Any CPU
		{530CB45A-FC40-4AA7-AE79-1D2B3DC7C346}.Release|Any CPU.Build.0 = Release|Any CPU
		{530CB45A-FC40-4AA7-AE79-1D2B3DC7C346}.Release|x64.ActiveCfg = Release|Any CPU
		{530CB45A-FC40-4AA7-AE79-1D2B3DC7C346}.Release|x64.Build.0 = Release|Any CPU
		{530CB45A-FC40-4AA7-AE79-1D2B3DC7C346}.Release|x86.ActiveCfg = Release|Any CPU
		{530CB45A-FC40-4AA7-AE79-1D2B3DC7C346}.Release|x86.Build.0 = Release|Any CPU
		{6F77D731-3D2C-45D3-9074-A35EE74CC35F}.Debug|Any CPU.ActiveCfg = Debug|Any CPU
		{6F77D731-3D2C-45D3-9074-A35EE74CC35F}.Debug|Any CPU.Build.0 = Debug|Any CPU
		{6F77D731-3D2C-45D3-9074-A35EE74CC35F}.Debug|x64.ActiveCfg = Debug|Any CPU
		{6F77D731-3D2C-45D3-9074-A35EE74CC35F}.Debug|x64.Build.0 = Debug|Any CPU
		{6F77D731-3D2C-45D3-9074-A35EE74CC35F}.Debug|x86.ActiveCfg = Debug|Any CPU
		{6F77D731-3D2C-45D3-9074-A35EE74CC35F}.Debug|x86.Build.0 = Debug|Any CPU
		{6F77D731-3D2C-45D3-9074-A35EE74CC35F}.Release|Any CPU.ActiveCfg = Release|Any CPU
		{6F77D731-3D2C-45D3-9074-A35EE74CC35F}.Release|Any CPU.Build.0 = Release|Any CPU
		{6F77D731-3D2C-45D3-9074-A35EE74CC35F}.Release|x64.ActiveCfg = Release|Any CPU
		{6F77D731-3D2C-45D3-9074-A35EE74CC35F}.Release|x64.Build.0 = Release|Any CPU
		{6F77D731-3D2C-45D3-9074-A35EE74CC35F}.Release|x86.ActiveCfg = Release|Any CPU
		{6F77D731-3D2C-45D3-9074-A35EE74CC35F}.Release|x86.Build.0 = Release|Any CPU
		{F98BEA24-9A1F-46D8-8141-3177E89740E2}.Debug|Any CPU.ActiveCfg = Debug|Any CPU
		{F98BEA24-9A1F-46D8-8141-3177E89740E2}.Debug|Any CPU.Build.0 = Debug|Any CPU
		{F98BEA24-9A1F-46D8-8141-3177E89740E2}.Debug|x64.ActiveCfg = Debug|Any CPU
		{F98BEA24-9A1F-46D8-8141-3177E89740E2}.Debug|x64.Build.0 = Debug|Any CPU
		{F98BEA24-9A1F-46D8-8141-3177E89740E2}.Debug|x86.ActiveCfg = Debug|Any CPU
		{F98BEA24-9A1F-46D8-8141-3177E89740E2}.Debug|x86.Build.0 = Debug|Any CPU
		{F98BEA24-9A1F-46D8-8141-3177E89740E2}.Release|Any CPU.ActiveCfg = Release|Any CPU
		{F98BEA24-9A1F-46D8-8141-3177E89740E2}.Release|Any CPU.Build.0 = Release|Any CPU
		{F98BEA24-9A1F-46D8-8141-3177E89740E2}.Release|x64.ActiveCfg = Release|Any CPU
		{F98BEA24-9A1F-46D8-8141-3177E89740E2}.Release|x64.Build.0 = Release|Any CPU
		{F98BEA24-9A1F-46D8-8141-3177E89740E2}.Release|x86.ActiveCfg = Release|Any CPU
		{F98BEA24-9A1F-46D8-8141-3177E89740E2}.Release|x86.Build.0 = Release|Any CPU
		{7ED97C71-043E-4E1E-A1EB-2F2ED87E1C93}.Debug|Any CPU.ActiveCfg = Debug|Any CPU
		{7ED97C71-043E-4E1E-A1EB-2F2ED87E1C93}.Debug|Any CPU.Build.0 = Debug|Any CPU
		{7ED97C71-043E-4E1E-A1EB-2F2ED87E1C93}.Debug|x64.ActiveCfg = Debug|Any CPU
		{7ED97C71-043E-4E1E-A1EB-2F2ED87E1C93}.Debug|x64.Build.0 = Debug|Any CPU
		{7ED97C71-043E-4E1E-A1EB-2F2ED87E1C93}.Debug|x86.ActiveCfg = Debug|Any CPU
		{7ED97C71-043E-4E1E-A1EB-2F2ED87E1C93}.Debug|x86.Build.0 = Debug|Any CPU
		{7ED97C71-043E-4E1E-A1EB-2F2ED87E1C93}.Release|Any CPU.ActiveCfg = Release|Any CPU
		{7ED97C71-043E-4E1E-A1EB-2F2ED87E1C93}.Release|Any CPU.Build.0 = Release|Any CPU
		{7ED97C71-043E-4E1E-A1EB-2F2ED87E1C93}.Release|x64.ActiveCfg = Release|Any CPU
		{7ED97C71-043E-4E1E-A1EB-2F2ED87E1C93}.Release|x64.Build.0 = Release|Any CPU
		{7ED97C71-043E-4E1E-A1EB-2F2ED87E1C93}.Release|x86.ActiveCfg = Release|Any CPU
		{7ED97C71-043E-4E1E-A1EB-2F2ED87E1C93}.Release|x86.Build.0 = Release|Any CPU
		{6B13B70A-FC97-45FF-AB3B-2936E62ED67E}.Debug|Any CPU.ActiveCfg = Debug|Any CPU
		{6B13B70A-FC97-45FF-AB3B-2936E62ED67E}.Debug|Any CPU.Build.0 = Debug|Any CPU
		{6B13B70A-FC97-45FF-AB3B-2936E62ED67E}.Debug|x64.ActiveCfg = Debug|Any CPU
		{6B13B70A-FC97-45FF-AB3B-2936E62ED67E}.Debug|x64.Build.0 = Debug|Any CPU
		{6B13B70A-FC97-45FF-AB3B-2936E62ED67E}.Debug|x86.ActiveCfg = Debug|Any CPU
		{6B13B70A-FC97-45FF-AB3B-2936E62ED67E}.Debug|x86.Build.0 = Debug|Any CPU
		{6B13B70A-FC97-45FF-AB3B-2936E62ED67E}.Release|Any CPU.ActiveCfg = Release|Any CPU
		{6B13B70A-FC97-45FF-AB3B-2936E62ED67E}.Release|Any CPU.Build.0 = Release|Any CPU
		{6B13B70A-FC97-45FF-AB3B-2936E62ED67E}.Release|x64.ActiveCfg = Release|Any CPU
		{6B13B70A-FC97-45FF-AB3B-2936E62ED67E}.Release|x64.Build.0 = Release|Any CPU
		{6B13B70A-FC97-45FF-AB3B-2936E62ED67E}.Release|x86.ActiveCfg = Release|Any CPU
		{6B13B70A-FC97-45FF-AB3B-2936E62ED67E}.Release|x86.Build.0 = Release|Any CPU
		{E5AAB174-D69B-4E8F-BE31-E66CC505316C}.Debug|Any CPU.ActiveCfg = Debug|Any CPU
		{E5AAB174-D69B-4E8F-BE31-E66CC505316C}.Debug|Any CPU.Build.0 = Debug|Any CPU
		{E5AAB174-D69B-4E8F-BE31-E66CC505316C}.Debug|x64.ActiveCfg = Debug|Any CPU
		{E5AAB174-D69B-4E8F-BE31-E66CC505316C}.Debug|x64.Build.0 = Debug|Any CPU
		{E5AAB174-D69B-4E8F-BE31-E66CC505316C}.Debug|x86.ActiveCfg = Debug|Any CPU
		{E5AAB174-D69B-4E8F-BE31-E66CC505316C}.Debug|x86.Build.0 = Debug|Any CPU
		{E5AAB174-D69B-4E8F-BE31-E66CC505316C}.Release|Any CPU.ActiveCfg = Release|Any CPU
		{E5AAB174-D69B-4E8F-BE31-E66CC505316C}.Release|Any CPU.Build.0 = Release|Any CPU
		{E5AAB174-D69B-4E8F-BE31-E66CC505316C}.Release|x64.ActiveCfg = Release|Any CPU
		{E5AAB174-D69B-4E8F-BE31-E66CC505316C}.Release|x64.Build.0 = Release|Any CPU
		{E5AAB174-D69B-4E8F-BE31-E66CC505316C}.Release|x86.ActiveCfg = Release|Any CPU
		{E5AAB174-D69B-4E8F-BE31-E66CC505316C}.Release|x86.Build.0 = Release|Any CPU
		{9F1A0433-F254-4968-B5FE-EEA29BF1EF2D}.Debug|Any CPU.ActiveCfg = Debug|Any CPU
		{9F1A0433-F254-4968-B5FE-EEA29BF1EF2D}.Debug|Any CPU.Build.0 = Debug|Any CPU
		{9F1A0433-F254-4968-B5FE-EEA29BF1EF2D}.Debug|x64.ActiveCfg = Debug|Any CPU
		{9F1A0433-F254-4968-B5FE-EEA29BF1EF2D}.Debug|x64.Build.0 = Debug|Any CPU
		{9F1A0433-F254-4968-B5FE-EEA29BF1EF2D}.Debug|x86.ActiveCfg = Debug|Any CPU
		{9F1A0433-F254-4968-B5FE-EEA29BF1EF2D}.Debug|x86.Build.0 = Debug|Any CPU
		{9F1A0433-F254-4968-B5FE-EEA29BF1EF2D}.Release|Any CPU.ActiveCfg = Release|Any CPU
		{9F1A0433-F254-4968-B5FE-EEA29BF1EF2D}.Release|Any CPU.Build.0 = Release|Any CPU
		{9F1A0433-F254-4968-B5FE-EEA29BF1EF2D}.Release|x64.ActiveCfg = Release|Any CPU
		{9F1A0433-F254-4968-B5FE-EEA29BF1EF2D}.Release|x64.Build.0 = Release|Any CPU
		{9F1A0433-F254-4968-B5FE-EEA29BF1EF2D}.Release|x86.ActiveCfg = Release|Any CPU
		{9F1A0433-F254-4968-B5FE-EEA29BF1EF2D}.Release|x86.Build.0 = Release|Any CPU
		{254BCD99-567D-4F9E-876B-7C6B79101F14}.Debug|Any CPU.ActiveCfg = Debug|Any CPU
		{254BCD99-567D-4F9E-876B-7C6B79101F14}.Debug|Any CPU.Build.0 = Debug|Any CPU
		{254BCD99-567D-4F9E-876B-7C6B79101F14}.Debug|x64.ActiveCfg = Debug|Any CPU
		{254BCD99-567D-4F9E-876B-7C6B79101F14}.Debug|x64.Build.0 = Debug|Any CPU
		{254BCD99-567D-4F9E-876B-7C6B79101F14}.Debug|x86.ActiveCfg = Debug|Any CPU
		{254BCD99-567D-4F9E-876B-7C6B79101F14}.Debug|x86.Build.0 = Debug|Any CPU
		{254BCD99-567D-4F9E-876B-7C6B79101F14}.Release|Any CPU.ActiveCfg = Release|Any CPU
		{254BCD99-567D-4F9E-876B-7C6B79101F14}.Release|Any CPU.Build.0 = Release|Any CPU
		{254BCD99-567D-4F9E-876B-7C6B79101F14}.Release|x64.ActiveCfg = Release|Any CPU
		{254BCD99-567D-4F9E-876B-7C6B79101F14}.Release|x64.Build.0 = Release|Any CPU
		{254BCD99-567D-4F9E-876B-7C6B79101F14}.Release|x86.ActiveCfg = Release|Any CPU
		{254BCD99-567D-4F9E-876B-7C6B79101F14}.Release|x86.Build.0 = Release|Any CPU
		{A24E7991-4031-473C-8D91-E555344DDD85}.Debug|Any CPU.ActiveCfg = Debug|Any CPU
		{A24E7991-4031-473C-8D91-E555344DDD85}.Debug|Any CPU.Build.0 = Debug|Any CPU
		{A24E7991-4031-473C-8D91-E555344DDD85}.Debug|x64.ActiveCfg = Debug|Any CPU
		{A24E7991-4031-473C-8D91-E555344DDD85}.Debug|x64.Build.0 = Debug|Any CPU
		{A24E7991-4031-473C-8D91-E555344DDD85}.Debug|x86.ActiveCfg = Debug|Any CPU
		{A24E7991-4031-473C-8D91-E555344DDD85}.Debug|x86.Build.0 = Debug|Any CPU
		{A24E7991-4031-473C-8D91-E555344DDD85}.Release|Any CPU.ActiveCfg = Release|Any CPU
		{A24E7991-4031-473C-8D91-E555344DDD85}.Release|Any CPU.Build.0 = Release|Any CPU
		{A24E7991-4031-473C-8D91-E555344DDD85}.Release|x64.ActiveCfg = Release|Any CPU
		{A24E7991-4031-473C-8D91-E555344DDD85}.Release|x64.Build.0 = Release|Any CPU
		{A24E7991-4031-473C-8D91-E555344DDD85}.Release|x86.ActiveCfg = Release|Any CPU
		{A24E7991-4031-473C-8D91-E555344DDD85}.Release|x86.Build.0 = Release|Any CPU
	EndGlobalSection
	GlobalSection(NestedProjects) = preSolution
		{909E565F-B0D7-4DE5-BEE8-5C47A33E2D29} = {022C9DE3-2145-4523-90E3-58D1BF4B880B}
		{32B2A27C-9A95-48ED-B625-E72A192507B0} = {022C9DE3-2145-4523-90E3-58D1BF4B880B}
		{426AD272-40D2-480E-923B-1D8157942D98} = {022C9DE3-2145-4523-90E3-58D1BF4B880B}
		{8B152172-36E9-4E1B-9DE6-CD74E90EF9AB} = {022C9DE3-2145-4523-90E3-58D1BF4B880B}
		{9DD9CD7C-02F4-482C-9FB9-044F29C9D04B} = {E5C7AD91-4CF2-4E97-8B10-90BE7C38446A}
		{3A81CE21-DD01-4794-AFA0-B08AD4A14ABE} = {E5C7AD91-4CF2-4E97-8B10-90BE7C38446A}
		{530CB45A-FC40-4AA7-AE79-1D2B3DC7C346} = {E5C7AD91-4CF2-4E97-8B10-90BE7C38446A}
		{6F77D731-3D2C-45D3-9074-A35EE74CC35F} = {E5C7AD91-4CF2-4E97-8B10-90BE7C38446A}
		{F98BEA24-9A1F-46D8-8141-3177E89740E2} = {19EE854C-3572-4E4E-9D8A-A37430D6C258}
		{7ED97C71-043E-4E1E-A1EB-2F2ED87E1C93} = {19EE854C-3572-4E4E-9D8A-A37430D6C258}
		{6B13B70A-FC97-45FF-AB3B-2936E62ED67E} = {19EE854C-3572-4E4E-9D8A-A37430D6C258}
		{E5AAB174-D69B-4E8F-BE31-E66CC505316C} = {19EE854C-3572-4E4E-9D8A-A37430D6C258}
		{E1AA4F31-92DB-4E3E-AD69-03DDC3A7217E} = {16D06C17-D652-4AB8-8EE7-63F5D1AC093B}
		{9F1A0433-F254-4968-B5FE-EEA29BF1EF2D} = {E1AA4F31-92DB-4E3E-AD69-03DDC3A7217E}
		{494B25B8-1481-40FE-9466-F9AA7A59A51E} = {16D06C17-D652-4AB8-8EE7-63F5D1AC093B}
		{254BCD99-567D-4F9E-876B-7C6B79101F14} = {494B25B8-1481-40FE-9466-F9AA7A59A51E}
		{F317DFBE-A1C9-4679-9BD1-F9AAC33BA043} = {16D06C17-D652-4AB8-8EE7-63F5D1AC093B}
		{A24E7991-4031-473C-8D91-E555344DDD85} = {F317DFBE-A1C9-4679-9BD1-F9AAC33BA043}
	EndGlobalSection
EndGlobal
