
Microsoft Visual Studio Solution File, Format Version 12.00
# Visual Studio 15
VisualStudioVersion = 15.0.26124.0
MinimumVisualStudioVersion = 15.0.26124.0
Project("{2150E333-8FDC-42A3-9474-1A3956D46DE8}") = "corecomponents", "corecomponents", "{2783CFF0-6071-4B9E-8414-18ACB95D1997}"
EndProject
Project("{FAE04EC0-301F-11D3-BF4B-00C04F79EFBC}") = "net.atos.daf.ct2.account", "corecomponents\net.atos.daf.ct2.account\net.atos.daf.ct2.account.csproj", "{3B76D23F-3BCE-4CB2-9A75-B50AEEFFB647}"
EndProject
Project("{FAE04EC0-301F-11D3-BF4B-00C04F79EFBC}") = "net.atos.daf.ct2.driver", "corecomponents\net.atos.daf.ct2.driver\net.atos.daf.ct2.driver.csproj", "{AC5DDEBF-8793-411E-AD27-6F84C5D7FD98}"
EndProject
Project("{FAE04EC0-301F-11D3-BF4B-00C04F79EFBC}") = "net.atos.daf.ct2.group", "corecomponents\net.atos.daf.ct2.group\net.atos.daf.ct2.group.csproj", "{DDBB7AC3-3493-465C-B3D8-AAD4BD95ECC8}"
EndProject
Project("{FAE04EC0-301F-11D3-BF4B-00C04F79EFBC}") = "net.atos.daf.ct2.identity", "corecomponents\net.atos.daf.ct2.identity\net.atos.daf.ct2.identity.csproj", "{C3394D6F-51FC-4DD1-9652-CF164142D8AB}"
EndProject
Project("{FAE04EC0-301F-11D3-BF4B-00C04F79EFBC}") = "net.atos.daf.ct2.role", "corecomponents\net.atos.daf.ct2.role\net.atos.daf.ct2.role.csproj", "{1F338F25-83AE-4E38-8314-687FB9EF4259}"
EndProject
Project("{FAE04EC0-301F-11D3-BF4B-00C04F79EFBC}") = "net.atos.daf.ct2.vehicle", "corecomponents\net.atos.daf.ct2.vehicle\net.atos.daf.ct2.vehicle.csproj", "{A8012442-DA87-43D8-9DEF-6BCBF6DFCDAE}"
EndProject
Project("{FAE04EC0-301F-11D3-BF4B-00C04F79EFBC}") = "net.atos.daf.ct2.visibility", "corecomponents\net.atos.daf.ct2.visibility\net.atos.daf.ct2.visibility.csproj", "{5FF3D006-7C82-439B-B84D-FC98A1261986}"
EndProject
Project("{2150E333-8FDC-42A3-9474-1A3956D46DE8}") = "test", "test", "{A8B3E117-26FF-4FC1-A381-ED115B3104D5}"
EndProject
Project("{FAE04EC0-301F-11D3-BF4B-00C04F79EFBC}") = "net.atos.daf.ct2.group.test", "corecomponents\test\net.atos.daf.ct2.group.test\net.atos.daf.ct2.group.test.csproj", "{6AAE99B4-CEB9-4557-AB2D-764C22F5F7AC}"
EndProject
Project("{FAE04EC0-301F-11D3-BF4B-00C04F79EFBC}") = "net.atos.daf.ct2.vehicle.test", "corecomponents\test\net.atos.daf.ct2.vehicle.test\net.atos.daf.ct2.vehicle.test.csproj", "{CADB3599-ED7A-4F8F-B4F5-B452AC864DCE}"
EndProject
Project("{2150E333-8FDC-42A3-9474-1A3956D46DE8}") = "businessservices", "businessservices", "{E42B6632-428F-4BDE-BB14-D8FA9DD42E87}"
EndProject
Project("{FAE04EC0-301F-11D3-BF4B-00C04F79EFBC}") = "net.atos.daf.ct2.identityservice", "businessservices\net.atos.daf.ct2.identityservice\net.atos.daf.ct2.identityservice.csproj", "{F92A9C77-29E4-4763-9836-5A9C89935345}"
EndProject
Project("{FAE04EC0-301F-11D3-BF4B-00C04F79EFBC}") = "net.atos.daf.ct2.vehicleservice", "businessservices\net.atos.daf.ct2.vehicleservice\net.atos.daf.ct2.vehicleservice.csproj", "{9D4C9530-87C6-47BE-B75A-78DF04EA2216}"
EndProject
Project("{FAE04EC0-301F-11D3-BF4B-00C04F79EFBC}") = "net.atos.daf.ct2.accountservice", "businessservices\net.atos.daf.ct2.accountservice\net.atos.daf.ct2.accountservice.csproj", "{10856A2F-DE54-4CE1-8D36-C75F7BA51FF1}"
EndProject
Project("{2150E333-8FDC-42A3-9474-1A3956D46DE8}") = "commoncomponent", "commoncomponent", "{824A4D14-F8BE-4618-AEDC-A34C9FD2261E}"
EndProject
Project("{FAE04EC0-301F-11D3-BF4B-00C04F79EFBC}") = "net.atos.daf.ct2.audit", "commoncomponent\net.atos.daf.ct2.audit\net.atos.daf.ct2.audit.csproj", "{F56FB84A-DA27-4E79-97F5-58AE7F350EB9}"
EndProject
Project("{FAE04EC0-301F-11D3-BF4B-00C04F79EFBC}") = "net.atos.daf.ct2.data", "commoncomponent\net.atos.daf.ct2.data\net.atos.daf.ct2.data.csproj", "{6E93B04E-DEA8-461C-A68D-03A0632D4DCC}"
EndProject
Project("{FAE04EC0-301F-11D3-BF4B-00C04F79EFBC}") = "net.atos.daf.ct2.exceptionhandling", "commoncomponent\net.atos.daf.ct2.exceptionhandling\net.atos.daf.ct2.exceptionhandling.csproj", "{8CDBDC37-776E-4DEA-9CCE-7039F80CDAC2}"
EndProject
Project("{FAE04EC0-301F-11D3-BF4B-00C04F79EFBC}") = "net.atos.daf.ct2.utilities", "commoncomponent\net.atos.daf.ct2.utilities\net.atos.daf.ct2.utilities.csproj", "{7F7BA9EE-7649-46DA-8ED4-584EE589306C}"
EndProject
Project("{2150E333-8FDC-42A3-9474-1A3956D46DE8}") = "commonservices", "commonservices", "{05D9A3A5-02DB-44AC-8E17-030995037356}"
EndProject
Project("{FAE04EC0-301F-11D3-BF4B-00C04F79EFBC}") = "net.atos.daf.ct2.auditservice", "commonservices\net.atos.daf.ct2.auditservice\net.atos.daf.ct2.auditservice.csproj", "{D02EB83E-A8BD-4AAC-8565-4C431F07443D}"
EndProject
Project("{2150E333-8FDC-42A3-9474-1A3956D46DE8}") = "dataservices", "dataservices", "{C93E4ACE-B462-4601-AD70-594B9B6634BD}"
EndProject
Project("{FAE04EC0-301F-11D3-BF4B-00C04F79EFBC}") = "net.atos.daf.ct2.customerdataservice", "dataservices\net.atos.daf.ct2.customerdataservice\net.atos.daf.ct2.customerdataservice.csproj", "{297BFF41-F935-4E80-8B3C-7B58923658F5}"
EndProject
Project("{FAE04EC0-301F-11D3-BF4B-00C04F79EFBC}") = "net.atos.daf.ct2.vehicledataservice", "dataservices\net.atos.daf.ct2.vehicledataservice\net.atos.daf.ct2.vehicledataservice.csproj", "{111E7A57-0B51-4B64-84C9-604F2A4BEF6A}"
EndProject
Project("{FAE04EC0-301F-11D3-BF4B-00C04F79EFBC}") = "net.atos.daf.ct2.accountpreference", "corecomponents\net.atos.daf.ct2.accountpreference\net.atos.daf.ct2.accountpreference.csproj", "{E1A98714-C570-41A7-8B8F-3B5B4C6B5553}"
EndProject
Project("{FAE04EC0-301F-11D3-BF4B-00C04F79EFBC}") = "atos.net.daf.ct2.accountpreference.test", "corecomponents\test\atos.net.daf.ct2.accountpreference.test\atos.net.daf.ct2.accountpreference.test.csproj", "{D07F9F0C-DB83-4CF3-AC09-A87487B2FA96}"
EndProject
Project("{2150E333-8FDC-42A3-9474-1A3956D46DE8}") = "test", "test", "{6DC783E9-2608-4485-8BD7-DC423EC6FFB8}"
EndProject
Project("{FAE04EC0-301F-11D3-BF4B-00C04F79EFBC}") = "net.atos.daf.ct2.Audittrail.test", "commoncomponent\test\net.atos.daf.ct2.Audittrail.test\net.atos.daf.ct2.Audittrail.test.csproj", "{E1B40BE8-DCC2-4211-9653-3E770C6162D0}"
EndProject
Project("{FAE04EC0-301F-11D3-BF4B-00C04F79EFBC}") = "net.atos.daf.ct2.account.test", "corecomponents\test\net.atos.daf.ct2.account.test\net.atos.daf.ct2.account.test.csproj", "{7742F001-BC0D-48BF-AE48-DA454A17F3C0}"
EndProject
Project("{FAE04EC0-301F-11D3-BF4B-00C04F79EFBC}") = "net.atos.daf.ct2.identity.test", "corecomponents\test\net.atos.daf.ct2.identity.test\net.atos.daf.ct2.identity.test.csproj", "{59A4A7F9-ACA1-479A-AA8B-C13505BAE012}"
EndProject
Project("{FAE04EC0-301F-11D3-BF4B-00C04F79EFBC}") = "net.atos.daf.ct2.organization", "corecomponents\net.atos.daf.ct2.organization\net.atos.daf.ct2.organization.csproj", "{1BE3C494-CB13-4DCB-9DE7-1163DA9658A6}"
EndProject
Project("{FAE04EC0-301F-11D3-BF4B-00C04F79EFBC}") = "net.atos.daf.ct2.organization.test", "corecomponents\test\net.atos.daf.ct2.organization.test\net.atos.daf.ct2.organization.test.csproj", "{EF9D9454-D1A2-421C-9A63-CE6477D6B91B}"
EndProject
Project("{FAE04EC0-301F-11D3-BF4B-00C04F79EFBC}") = "net.atos.daf.ct2.organizationservice", "businessservices\net.atos.daf.ct2.organizationservice\net.atos.daf.ct2.organizationservice.csproj", "{5BD5EA4E-FAAD-4D36-B129-2203EF2674AD}"
EndProject
Global
	GlobalSection(SolutionConfigurationPlatforms) = preSolution
		Debug|Any CPU = Debug|Any CPU
		Debug|x64 = Debug|x64
		Debug|x86 = Debug|x86
		Release|Any CPU = Release|Any CPU
		Release|x64 = Release|x64
		Release|x86 = Release|x86
	EndGlobalSection
	GlobalSection(SolutionProperties) = preSolution
		HideSolutionNode = FALSE
	EndGlobalSection
	GlobalSection(ProjectConfigurationPlatforms) = postSolution
		{3B76D23F-3BCE-4CB2-9A75-B50AEEFFB647}.Debug|Any CPU.ActiveCfg = Debug|Any CPU
		{3B76D23F-3BCE-4CB2-9A75-B50AEEFFB647}.Debug|Any CPU.Build.0 = Debug|Any CPU
		{3B76D23F-3BCE-4CB2-9A75-B50AEEFFB647}.Debug|x64.ActiveCfg = Debug|Any CPU
		{3B76D23F-3BCE-4CB2-9A75-B50AEEFFB647}.Debug|x64.Build.0 = Debug|Any CPU
		{3B76D23F-3BCE-4CB2-9A75-B50AEEFFB647}.Debug|x86.ActiveCfg = Debug|Any CPU
		{3B76D23F-3BCE-4CB2-9A75-B50AEEFFB647}.Debug|x86.Build.0 = Debug|Any CPU
		{3B76D23F-3BCE-4CB2-9A75-B50AEEFFB647}.Release|Any CPU.ActiveCfg = Release|Any CPU
		{3B76D23F-3BCE-4CB2-9A75-B50AEEFFB647}.Release|Any CPU.Build.0 = Release|Any CPU
		{3B76D23F-3BCE-4CB2-9A75-B50AEEFFB647}.Release|x64.ActiveCfg = Release|Any CPU
		{3B76D23F-3BCE-4CB2-9A75-B50AEEFFB647}.Release|x64.Build.0 = Release|Any CPU
		{3B76D23F-3BCE-4CB2-9A75-B50AEEFFB647}.Release|x86.ActiveCfg = Release|Any CPU
		{3B76D23F-3BCE-4CB2-9A75-B50AEEFFB647}.Release|x86.Build.0 = Release|Any CPU
		{AC5DDEBF-8793-411E-AD27-6F84C5D7FD98}.Debug|Any CPU.ActiveCfg = Debug|Any CPU
		{AC5DDEBF-8793-411E-AD27-6F84C5D7FD98}.Debug|Any CPU.Build.0 = Debug|Any CPU
		{AC5DDEBF-8793-411E-AD27-6F84C5D7FD98}.Debug|x64.ActiveCfg = Debug|Any CPU
		{AC5DDEBF-8793-411E-AD27-6F84C5D7FD98}.Debug|x64.Build.0 = Debug|Any CPU
		{AC5DDEBF-8793-411E-AD27-6F84C5D7FD98}.Debug|x86.ActiveCfg = Debug|Any CPU
		{AC5DDEBF-8793-411E-AD27-6F84C5D7FD98}.Debug|x86.Build.0 = Debug|Any CPU
		{AC5DDEBF-8793-411E-AD27-6F84C5D7FD98}.Release|Any CPU.ActiveCfg = Release|Any CPU
		{AC5DDEBF-8793-411E-AD27-6F84C5D7FD98}.Release|Any CPU.Build.0 = Release|Any CPU
		{AC5DDEBF-8793-411E-AD27-6F84C5D7FD98}.Release|x64.ActiveCfg = Release|Any CPU
		{AC5DDEBF-8793-411E-AD27-6F84C5D7FD98}.Release|x64.Build.0 = Release|Any CPU
		{AC5DDEBF-8793-411E-AD27-6F84C5D7FD98}.Release|x86.ActiveCfg = Release|Any CPU
		{AC5DDEBF-8793-411E-AD27-6F84C5D7FD98}.Release|x86.Build.0 = Release|Any CPU
		{DDBB7AC3-3493-465C-B3D8-AAD4BD95ECC8}.Debug|Any CPU.ActiveCfg = Debug|Any CPU
		{DDBB7AC3-3493-465C-B3D8-AAD4BD95ECC8}.Debug|Any CPU.Build.0 = Debug|Any CPU
		{DDBB7AC3-3493-465C-B3D8-AAD4BD95ECC8}.Debug|x64.ActiveCfg = Debug|Any CPU
		{DDBB7AC3-3493-465C-B3D8-AAD4BD95ECC8}.Debug|x64.Build.0 = Debug|Any CPU
		{DDBB7AC3-3493-465C-B3D8-AAD4BD95ECC8}.Debug|x86.ActiveCfg = Debug|Any CPU
		{DDBB7AC3-3493-465C-B3D8-AAD4BD95ECC8}.Debug|x86.Build.0 = Debug|Any CPU
		{DDBB7AC3-3493-465C-B3D8-AAD4BD95ECC8}.Release|Any CPU.ActiveCfg = Release|Any CPU
		{DDBB7AC3-3493-465C-B3D8-AAD4BD95ECC8}.Release|Any CPU.Build.0 = Release|Any CPU
		{DDBB7AC3-3493-465C-B3D8-AAD4BD95ECC8}.Release|x64.ActiveCfg = Release|Any CPU
		{DDBB7AC3-3493-465C-B3D8-AAD4BD95ECC8}.Release|x64.Build.0 = Release|Any CPU
		{DDBB7AC3-3493-465C-B3D8-AAD4BD95ECC8}.Release|x86.ActiveCfg = Release|Any CPU
		{DDBB7AC3-3493-465C-B3D8-AAD4BD95ECC8}.Release|x86.Build.0 = Release|Any CPU
		{C3394D6F-51FC-4DD1-9652-CF164142D8AB}.Debug|Any CPU.ActiveCfg = Debug|Any CPU
		{C3394D6F-51FC-4DD1-9652-CF164142D8AB}.Debug|Any CPU.Build.0 = Debug|Any CPU
		{C3394D6F-51FC-4DD1-9652-CF164142D8AB}.Debug|x64.ActiveCfg = Debug|Any CPU
		{C3394D6F-51FC-4DD1-9652-CF164142D8AB}.Debug|x64.Build.0 = Debug|Any CPU
		{C3394D6F-51FC-4DD1-9652-CF164142D8AB}.Debug|x86.ActiveCfg = Debug|Any CPU
		{C3394D6F-51FC-4DD1-9652-CF164142D8AB}.Debug|x86.Build.0 = Debug|Any CPU
		{C3394D6F-51FC-4DD1-9652-CF164142D8AB}.Release|Any CPU.ActiveCfg = Release|Any CPU
		{C3394D6F-51FC-4DD1-9652-CF164142D8AB}.Release|Any CPU.Build.0 = Release|Any CPU
		{C3394D6F-51FC-4DD1-9652-CF164142D8AB}.Release|x64.ActiveCfg = Release|Any CPU
		{C3394D6F-51FC-4DD1-9652-CF164142D8AB}.Release|x64.Build.0 = Release|Any CPU
		{C3394D6F-51FC-4DD1-9652-CF164142D8AB}.Release|x86.ActiveCfg = Release|Any CPU
		{C3394D6F-51FC-4DD1-9652-CF164142D8AB}.Release|x86.Build.0 = Release|Any CPU
		{1F338F25-83AE-4E38-8314-687FB9EF4259}.Debug|Any CPU.ActiveCfg = Debug|Any CPU
		{1F338F25-83AE-4E38-8314-687FB9EF4259}.Debug|Any CPU.Build.0 = Debug|Any CPU
		{1F338F25-83AE-4E38-8314-687FB9EF4259}.Debug|x64.ActiveCfg = Debug|Any CPU
		{1F338F25-83AE-4E38-8314-687FB9EF4259}.Debug|x64.Build.0 = Debug|Any CPU
		{1F338F25-83AE-4E38-8314-687FB9EF4259}.Debug|x86.ActiveCfg = Debug|Any CPU
		{1F338F25-83AE-4E38-8314-687FB9EF4259}.Debug|x86.Build.0 = Debug|Any CPU
		{1F338F25-83AE-4E38-8314-687FB9EF4259}.Release|Any CPU.ActiveCfg = Release|Any CPU
		{1F338F25-83AE-4E38-8314-687FB9EF4259}.Release|Any CPU.Build.0 = Release|Any CPU
		{1F338F25-83AE-4E38-8314-687FB9EF4259}.Release|x64.ActiveCfg = Release|Any CPU
		{1F338F25-83AE-4E38-8314-687FB9EF4259}.Release|x64.Build.0 = Release|Any CPU
		{1F338F25-83AE-4E38-8314-687FB9EF4259}.Release|x86.ActiveCfg = Release|Any CPU
		{1F338F25-83AE-4E38-8314-687FB9EF4259}.Release|x86.Build.0 = Release|Any CPU
		{A8012442-DA87-43D8-9DEF-6BCBF6DFCDAE}.Debug|Any CPU.ActiveCfg = Debug|Any CPU
		{A8012442-DA87-43D8-9DEF-6BCBF6DFCDAE}.Debug|Any CPU.Build.0 = Debug|Any CPU
		{A8012442-DA87-43D8-9DEF-6BCBF6DFCDAE}.Debug|x64.ActiveCfg = Debug|Any CPU
		{A8012442-DA87-43D8-9DEF-6BCBF6DFCDAE}.Debug|x64.Build.0 = Debug|Any CPU
		{A8012442-DA87-43D8-9DEF-6BCBF6DFCDAE}.Debug|x86.ActiveCfg = Debug|Any CPU
		{A8012442-DA87-43D8-9DEF-6BCBF6DFCDAE}.Debug|x86.Build.0 = Debug|Any CPU
		{A8012442-DA87-43D8-9DEF-6BCBF6DFCDAE}.Release|Any CPU.ActiveCfg = Release|Any CPU
		{A8012442-DA87-43D8-9DEF-6BCBF6DFCDAE}.Release|Any CPU.Build.0 = Release|Any CPU
		{A8012442-DA87-43D8-9DEF-6BCBF6DFCDAE}.Release|x64.ActiveCfg = Release|Any CPU
		{A8012442-DA87-43D8-9DEF-6BCBF6DFCDAE}.Release|x64.Build.0 = Release|Any CPU
		{A8012442-DA87-43D8-9DEF-6BCBF6DFCDAE}.Release|x86.ActiveCfg = Release|Any CPU
		{A8012442-DA87-43D8-9DEF-6BCBF6DFCDAE}.Release|x86.Build.0 = Release|Any CPU
		{5FF3D006-7C82-439B-B84D-FC98A1261986}.Debug|Any CPU.ActiveCfg = Debug|Any CPU
		{5FF3D006-7C82-439B-B84D-FC98A1261986}.Debug|Any CPU.Build.0 = Debug|Any CPU
		{5FF3D006-7C82-439B-B84D-FC98A1261986}.Debug|x64.ActiveCfg = Debug|Any CPU
		{5FF3D006-7C82-439B-B84D-FC98A1261986}.Debug|x64.Build.0 = Debug|Any CPU
		{5FF3D006-7C82-439B-B84D-FC98A1261986}.Debug|x86.ActiveCfg = Debug|Any CPU
		{5FF3D006-7C82-439B-B84D-FC98A1261986}.Debug|x86.Build.0 = Debug|Any CPU
		{5FF3D006-7C82-439B-B84D-FC98A1261986}.Release|Any CPU.ActiveCfg = Release|Any CPU
		{5FF3D006-7C82-439B-B84D-FC98A1261986}.Release|Any CPU.Build.0 = Release|Any CPU
		{5FF3D006-7C82-439B-B84D-FC98A1261986}.Release|x64.ActiveCfg = Release|Any CPU
		{5FF3D006-7C82-439B-B84D-FC98A1261986}.Release|x64.Build.0 = Release|Any CPU
		{5FF3D006-7C82-439B-B84D-FC98A1261986}.Release|x86.ActiveCfg = Release|Any CPU
		{5FF3D006-7C82-439B-B84D-FC98A1261986}.Release|x86.Build.0 = Release|Any CPU
		{6AAE99B4-CEB9-4557-AB2D-764C22F5F7AC}.Debug|Any CPU.ActiveCfg = Debug|Any CPU
		{6AAE99B4-CEB9-4557-AB2D-764C22F5F7AC}.Debug|Any CPU.Build.0 = Debug|Any CPU
		{6AAE99B4-CEB9-4557-AB2D-764C22F5F7AC}.Debug|x64.ActiveCfg = Debug|Any CPU
		{6AAE99B4-CEB9-4557-AB2D-764C22F5F7AC}.Debug|x64.Build.0 = Debug|Any CPU
		{6AAE99B4-CEB9-4557-AB2D-764C22F5F7AC}.Debug|x86.ActiveCfg = Debug|Any CPU
		{6AAE99B4-CEB9-4557-AB2D-764C22F5F7AC}.Debug|x86.Build.0 = Debug|Any CPU
		{6AAE99B4-CEB9-4557-AB2D-764C22F5F7AC}.Release|Any CPU.ActiveCfg = Release|Any CPU
		{6AAE99B4-CEB9-4557-AB2D-764C22F5F7AC}.Release|Any CPU.Build.0 = Release|Any CPU
		{6AAE99B4-CEB9-4557-AB2D-764C22F5F7AC}.Release|x64.ActiveCfg = Release|Any CPU
		{6AAE99B4-CEB9-4557-AB2D-764C22F5F7AC}.Release|x64.Build.0 = Release|Any CPU
		{6AAE99B4-CEB9-4557-AB2D-764C22F5F7AC}.Release|x86.ActiveCfg = Release|Any CPU
		{6AAE99B4-CEB9-4557-AB2D-764C22F5F7AC}.Release|x86.Build.0 = Release|Any CPU
		{CADB3599-ED7A-4F8F-B4F5-B452AC864DCE}.Debug|Any CPU.ActiveCfg = Debug|Any CPU
		{CADB3599-ED7A-4F8F-B4F5-B452AC864DCE}.Debug|Any CPU.Build.0 = Debug|Any CPU
		{CADB3599-ED7A-4F8F-B4F5-B452AC864DCE}.Debug|x64.ActiveCfg = Debug|Any CPU
		{CADB3599-ED7A-4F8F-B4F5-B452AC864DCE}.Debug|x64.Build.0 = Debug|Any CPU
		{CADB3599-ED7A-4F8F-B4F5-B452AC864DCE}.Debug|x86.ActiveCfg = Debug|Any CPU
		{CADB3599-ED7A-4F8F-B4F5-B452AC864DCE}.Debug|x86.Build.0 = Debug|Any CPU
		{CADB3599-ED7A-4F8F-B4F5-B452AC864DCE}.Release|Any CPU.ActiveCfg = Release|Any CPU
		{CADB3599-ED7A-4F8F-B4F5-B452AC864DCE}.Release|Any CPU.Build.0 = Release|Any CPU
		{CADB3599-ED7A-4F8F-B4F5-B452AC864DCE}.Release|x64.ActiveCfg = Release|Any CPU
		{CADB3599-ED7A-4F8F-B4F5-B452AC864DCE}.Release|x64.Build.0 = Release|Any CPU
		{CADB3599-ED7A-4F8F-B4F5-B452AC864DCE}.Release|x86.ActiveCfg = Release|Any CPU
		{CADB3599-ED7A-4F8F-B4F5-B452AC864DCE}.Release|x86.Build.0 = Release|Any CPU
		{F92A9C77-29E4-4763-9836-5A9C89935345}.Debug|Any CPU.ActiveCfg = Debug|Any CPU
		{F92A9C77-29E4-4763-9836-5A9C89935345}.Debug|Any CPU.Build.0 = Debug|Any CPU
		{F92A9C77-29E4-4763-9836-5A9C89935345}.Debug|x64.ActiveCfg = Debug|Any CPU
		{F92A9C77-29E4-4763-9836-5A9C89935345}.Debug|x64.Build.0 = Debug|Any CPU
		{F92A9C77-29E4-4763-9836-5A9C89935345}.Debug|x86.ActiveCfg = Debug|Any CPU
		{F92A9C77-29E4-4763-9836-5A9C89935345}.Debug|x86.Build.0 = Debug|Any CPU
		{F92A9C77-29E4-4763-9836-5A9C89935345}.Release|Any CPU.ActiveCfg = Release|Any CPU
		{F92A9C77-29E4-4763-9836-5A9C89935345}.Release|Any CPU.Build.0 = Release|Any CPU
		{F92A9C77-29E4-4763-9836-5A9C89935345}.Release|x64.ActiveCfg = Release|Any CPU
		{F92A9C77-29E4-4763-9836-5A9C89935345}.Release|x64.Build.0 = Release|Any CPU
		{F92A9C77-29E4-4763-9836-5A9C89935345}.Release|x86.ActiveCfg = Release|Any CPU
		{F92A9C77-29E4-4763-9836-5A9C89935345}.Release|x86.Build.0 = Release|Any CPU
		{9D4C9530-87C6-47BE-B75A-78DF04EA2216}.Debug|Any CPU.ActiveCfg = Debug|Any CPU
		{9D4C9530-87C6-47BE-B75A-78DF04EA2216}.Debug|Any CPU.Build.0 = Debug|Any CPU
		{9D4C9530-87C6-47BE-B75A-78DF04EA2216}.Debug|x64.ActiveCfg = Debug|Any CPU
		{9D4C9530-87C6-47BE-B75A-78DF04EA2216}.Debug|x64.Build.0 = Debug|Any CPU
		{9D4C9530-87C6-47BE-B75A-78DF04EA2216}.Debug|x86.ActiveCfg = Debug|Any CPU
		{9D4C9530-87C6-47BE-B75A-78DF04EA2216}.Debug|x86.Build.0 = Debug|Any CPU
		{9D4C9530-87C6-47BE-B75A-78DF04EA2216}.Release|Any CPU.ActiveCfg = Release|Any CPU
		{9D4C9530-87C6-47BE-B75A-78DF04EA2216}.Release|Any CPU.Build.0 = Release|Any CPU
		{9D4C9530-87C6-47BE-B75A-78DF04EA2216}.Release|x64.ActiveCfg = Release|Any CPU
		{9D4C9530-87C6-47BE-B75A-78DF04EA2216}.Release|x64.Build.0 = Release|Any CPU
		{9D4C9530-87C6-47BE-B75A-78DF04EA2216}.Release|x86.ActiveCfg = Release|Any CPU
		{9D4C9530-87C6-47BE-B75A-78DF04EA2216}.Release|x86.Build.0 = Release|Any CPU
		{10856A2F-DE54-4CE1-8D36-C75F7BA51FF1}.Debug|Any CPU.ActiveCfg = Debug|Any CPU
		{10856A2F-DE54-4CE1-8D36-C75F7BA51FF1}.Debug|Any CPU.Build.0 = Debug|Any CPU
		{10856A2F-DE54-4CE1-8D36-C75F7BA51FF1}.Debug|x64.ActiveCfg = Debug|Any CPU
		{10856A2F-DE54-4CE1-8D36-C75F7BA51FF1}.Debug|x64.Build.0 = Debug|Any CPU
		{10856A2F-DE54-4CE1-8D36-C75F7BA51FF1}.Debug|x86.ActiveCfg = Debug|Any CPU
		{10856A2F-DE54-4CE1-8D36-C75F7BA51FF1}.Debug|x86.Build.0 = Debug|Any CPU
		{10856A2F-DE54-4CE1-8D36-C75F7BA51FF1}.Release|Any CPU.ActiveCfg = Release|Any CPU
		{10856A2F-DE54-4CE1-8D36-C75F7BA51FF1}.Release|Any CPU.Build.0 = Release|Any CPU
		{10856A2F-DE54-4CE1-8D36-C75F7BA51FF1}.Release|x64.ActiveCfg = Release|Any CPU
		{10856A2F-DE54-4CE1-8D36-C75F7BA51FF1}.Release|x64.Build.0 = Release|Any CPU
		{10856A2F-DE54-4CE1-8D36-C75F7BA51FF1}.Release|x86.ActiveCfg = Release|Any CPU
		{10856A2F-DE54-4CE1-8D36-C75F7BA51FF1}.Release|x86.Build.0 = Release|Any CPU
		{F56FB84A-DA27-4E79-97F5-58AE7F350EB9}.Debug|Any CPU.ActiveCfg = Debug|Any CPU
		{F56FB84A-DA27-4E79-97F5-58AE7F350EB9}.Debug|Any CPU.Build.0 = Debug|Any CPU
		{F56FB84A-DA27-4E79-97F5-58AE7F350EB9}.Debug|x64.ActiveCfg = Debug|Any CPU
		{F56FB84A-DA27-4E79-97F5-58AE7F350EB9}.Debug|x64.Build.0 = Debug|Any CPU
		{F56FB84A-DA27-4E79-97F5-58AE7F350EB9}.Debug|x86.ActiveCfg = Debug|Any CPU
		{F56FB84A-DA27-4E79-97F5-58AE7F350EB9}.Debug|x86.Build.0 = Debug|Any CPU
		{F56FB84A-DA27-4E79-97F5-58AE7F350EB9}.Release|Any CPU.ActiveCfg = Release|Any CPU
		{F56FB84A-DA27-4E79-97F5-58AE7F350EB9}.Release|Any CPU.Build.0 = Release|Any CPU
		{F56FB84A-DA27-4E79-97F5-58AE7F350EB9}.Release|x64.ActiveCfg = Release|Any CPU
		{F56FB84A-DA27-4E79-97F5-58AE7F350EB9}.Release|x64.Build.0 = Release|Any CPU
		{F56FB84A-DA27-4E79-97F5-58AE7F350EB9}.Release|x86.ActiveCfg = Release|Any CPU
		{F56FB84A-DA27-4E79-97F5-58AE7F350EB9}.Release|x86.Build.0 = Release|Any CPU
		{6E93B04E-DEA8-461C-A68D-03A0632D4DCC}.Debug|Any CPU.ActiveCfg = Debug|Any CPU
		{6E93B04E-DEA8-461C-A68D-03A0632D4DCC}.Debug|Any CPU.Build.0 = Debug|Any CPU
		{6E93B04E-DEA8-461C-A68D-03A0632D4DCC}.Debug|x64.ActiveCfg = Debug|Any CPU
		{6E93B04E-DEA8-461C-A68D-03A0632D4DCC}.Debug|x64.Build.0 = Debug|Any CPU
		{6E93B04E-DEA8-461C-A68D-03A0632D4DCC}.Debug|x86.ActiveCfg = Debug|Any CPU
		{6E93B04E-DEA8-461C-A68D-03A0632D4DCC}.Debug|x86.Build.0 = Debug|Any CPU
		{6E93B04E-DEA8-461C-A68D-03A0632D4DCC}.Release|Any CPU.ActiveCfg = Release|Any CPU
		{6E93B04E-DEA8-461C-A68D-03A0632D4DCC}.Release|Any CPU.Build.0 = Release|Any CPU
		{6E93B04E-DEA8-461C-A68D-03A0632D4DCC}.Release|x64.ActiveCfg = Release|Any CPU
		{6E93B04E-DEA8-461C-A68D-03A0632D4DCC}.Release|x64.Build.0 = Release|Any CPU
		{6E93B04E-DEA8-461C-A68D-03A0632D4DCC}.Release|x86.ActiveCfg = Release|Any CPU
		{6E93B04E-DEA8-461C-A68D-03A0632D4DCC}.Release|x86.Build.0 = Release|Any CPU
		{8CDBDC37-776E-4DEA-9CCE-7039F80CDAC2}.Debug|Any CPU.ActiveCfg = Debug|Any CPU
		{8CDBDC37-776E-4DEA-9CCE-7039F80CDAC2}.Debug|Any CPU.Build.0 = Debug|Any CPU
		{8CDBDC37-776E-4DEA-9CCE-7039F80CDAC2}.Debug|x64.ActiveCfg = Debug|Any CPU
		{8CDBDC37-776E-4DEA-9CCE-7039F80CDAC2}.Debug|x64.Build.0 = Debug|Any CPU
		{8CDBDC37-776E-4DEA-9CCE-7039F80CDAC2}.Debug|x86.ActiveCfg = Debug|Any CPU
		{8CDBDC37-776E-4DEA-9CCE-7039F80CDAC2}.Debug|x86.Build.0 = Debug|Any CPU
		{8CDBDC37-776E-4DEA-9CCE-7039F80CDAC2}.Release|Any CPU.ActiveCfg = Release|Any CPU
		{8CDBDC37-776E-4DEA-9CCE-7039F80CDAC2}.Release|Any CPU.Build.0 = Release|Any CPU
		{8CDBDC37-776E-4DEA-9CCE-7039F80CDAC2}.Release|x64.ActiveCfg = Release|Any CPU
		{8CDBDC37-776E-4DEA-9CCE-7039F80CDAC2}.Release|x64.Build.0 = Release|Any CPU
		{8CDBDC37-776E-4DEA-9CCE-7039F80CDAC2}.Release|x86.ActiveCfg = Release|Any CPU
		{8CDBDC37-776E-4DEA-9CCE-7039F80CDAC2}.Release|x86.Build.0 = Release|Any CPU
		{7F7BA9EE-7649-46DA-8ED4-584EE589306C}.Debug|Any CPU.ActiveCfg = Debug|Any CPU
		{7F7BA9EE-7649-46DA-8ED4-584EE589306C}.Debug|Any CPU.Build.0 = Debug|Any CPU
		{7F7BA9EE-7649-46DA-8ED4-584EE589306C}.Debug|x64.ActiveCfg = Debug|Any CPU
		{7F7BA9EE-7649-46DA-8ED4-584EE589306C}.Debug|x64.Build.0 = Debug|Any CPU
		{7F7BA9EE-7649-46DA-8ED4-584EE589306C}.Debug|x86.ActiveCfg = Debug|Any CPU
		{7F7BA9EE-7649-46DA-8ED4-584EE589306C}.Debug|x86.Build.0 = Debug|Any CPU
		{7F7BA9EE-7649-46DA-8ED4-584EE589306C}.Release|Any CPU.ActiveCfg = Release|Any CPU
		{7F7BA9EE-7649-46DA-8ED4-584EE589306C}.Release|Any CPU.Build.0 = Release|Any CPU
		{7F7BA9EE-7649-46DA-8ED4-584EE589306C}.Release|x64.ActiveCfg = Release|Any CPU
		{7F7BA9EE-7649-46DA-8ED4-584EE589306C}.Release|x64.Build.0 = Release|Any CPU
		{7F7BA9EE-7649-46DA-8ED4-584EE589306C}.Release|x86.ActiveCfg = Release|Any CPU
		{7F7BA9EE-7649-46DA-8ED4-584EE589306C}.Release|x86.Build.0 = Release|Any CPU
		{D02EB83E-A8BD-4AAC-8565-4C431F07443D}.Debug|Any CPU.ActiveCfg = Debug|Any CPU
		{D02EB83E-A8BD-4AAC-8565-4C431F07443D}.Debug|Any CPU.Build.0 = Debug|Any CPU
		{D02EB83E-A8BD-4AAC-8565-4C431F07443D}.Debug|x64.ActiveCfg = Debug|Any CPU
		{D02EB83E-A8BD-4AAC-8565-4C431F07443D}.Debug|x64.Build.0 = Debug|Any CPU
		{D02EB83E-A8BD-4AAC-8565-4C431F07443D}.Debug|x86.ActiveCfg = Debug|Any CPU
		{D02EB83E-A8BD-4AAC-8565-4C431F07443D}.Debug|x86.Build.0 = Debug|Any CPU
		{D02EB83E-A8BD-4AAC-8565-4C431F07443D}.Release|Any CPU.ActiveCfg = Release|Any CPU
		{D02EB83E-A8BD-4AAC-8565-4C431F07443D}.Release|Any CPU.Build.0 = Release|Any CPU
		{D02EB83E-A8BD-4AAC-8565-4C431F07443D}.Release|x64.ActiveCfg = Release|Any CPU
		{D02EB83E-A8BD-4AAC-8565-4C431F07443D}.Release|x64.Build.0 = Release|Any CPU
		{D02EB83E-A8BD-4AAC-8565-4C431F07443D}.Release|x86.ActiveCfg = Release|Any CPU
		{D02EB83E-A8BD-4AAC-8565-4C431F07443D}.Release|x86.Build.0 = Release|Any CPU
		{297BFF41-F935-4E80-8B3C-7B58923658F5}.Debug|Any CPU.ActiveCfg = Debug|Any CPU
		{297BFF41-F935-4E80-8B3C-7B58923658F5}.Debug|Any CPU.Build.0 = Debug|Any CPU
		{297BFF41-F935-4E80-8B3C-7B58923658F5}.Debug|x64.ActiveCfg = Debug|Any CPU
		{297BFF41-F935-4E80-8B3C-7B58923658F5}.Debug|x64.Build.0 = Debug|Any CPU
		{297BFF41-F935-4E80-8B3C-7B58923658F5}.Debug|x86.ActiveCfg = Debug|Any CPU
		{297BFF41-F935-4E80-8B3C-7B58923658F5}.Debug|x86.Build.0 = Debug|Any CPU
		{297BFF41-F935-4E80-8B3C-7B58923658F5}.Release|Any CPU.ActiveCfg = Release|Any CPU
		{297BFF41-F935-4E80-8B3C-7B58923658F5}.Release|Any CPU.Build.0 = Release|Any CPU
		{297BFF41-F935-4E80-8B3C-7B58923658F5}.Release|x64.ActiveCfg = Release|Any CPU
		{297BFF41-F935-4E80-8B3C-7B58923658F5}.Release|x64.Build.0 = Release|Any CPU
		{297BFF41-F935-4E80-8B3C-7B58923658F5}.Release|x86.ActiveCfg = Release|Any CPU
		{297BFF41-F935-4E80-8B3C-7B58923658F5}.Release|x86.Build.0 = Release|Any CPU
		{111E7A57-0B51-4B64-84C9-604F2A4BEF6A}.Debug|Any CPU.ActiveCfg = Debug|Any CPU
		{111E7A57-0B51-4B64-84C9-604F2A4BEF6A}.Debug|Any CPU.Build.0 = Debug|Any CPU
		{111E7A57-0B51-4B64-84C9-604F2A4BEF6A}.Debug|x64.ActiveCfg = Debug|Any CPU
		{111E7A57-0B51-4B64-84C9-604F2A4BEF6A}.Debug|x64.Build.0 = Debug|Any CPU
		{111E7A57-0B51-4B64-84C9-604F2A4BEF6A}.Debug|x86.ActiveCfg = Debug|Any CPU
		{111E7A57-0B51-4B64-84C9-604F2A4BEF6A}.Debug|x86.Build.0 = Debug|Any CPU
		{111E7A57-0B51-4B64-84C9-604F2A4BEF6A}.Release|Any CPU.ActiveCfg = Release|Any CPU
		{111E7A57-0B51-4B64-84C9-604F2A4BEF6A}.Release|Any CPU.Build.0 = Release|Any CPU
		{111E7A57-0B51-4B64-84C9-604F2A4BEF6A}.Release|x64.ActiveCfg = Release|Any CPU
		{111E7A57-0B51-4B64-84C9-604F2A4BEF6A}.Release|x64.Build.0 = Release|Any CPU
		{111E7A57-0B51-4B64-84C9-604F2A4BEF6A}.Release|x86.ActiveCfg = Release|Any CPU
		{111E7A57-0B51-4B64-84C9-604F2A4BEF6A}.Release|x86.Build.0 = Release|Any CPU
		{E1A98714-C570-41A7-8B8F-3B5B4C6B5553}.Debug|Any CPU.ActiveCfg = Debug|Any CPU
		{E1A98714-C570-41A7-8B8F-3B5B4C6B5553}.Debug|Any CPU.Build.0 = Debug|Any CPU
		{E1A98714-C570-41A7-8B8F-3B5B4C6B5553}.Debug|x64.ActiveCfg = Debug|Any CPU
		{E1A98714-C570-41A7-8B8F-3B5B4C6B5553}.Debug|x64.Build.0 = Debug|Any CPU
		{E1A98714-C570-41A7-8B8F-3B5B4C6B5553}.Debug|x86.ActiveCfg = Debug|Any CPU
		{E1A98714-C570-41A7-8B8F-3B5B4C6B5553}.Debug|x86.Build.0 = Debug|Any CPU
		{E1A98714-C570-41A7-8B8F-3B5B4C6B5553}.Release|Any CPU.ActiveCfg = Release|Any CPU
		{E1A98714-C570-41A7-8B8F-3B5B4C6B5553}.Release|Any CPU.Build.0 = Release|Any CPU
		{E1A98714-C570-41A7-8B8F-3B5B4C6B5553}.Release|x64.ActiveCfg = Release|Any CPU
		{E1A98714-C570-41A7-8B8F-3B5B4C6B5553}.Release|x64.Build.0 = Release|Any CPU
		{E1A98714-C570-41A7-8B8F-3B5B4C6B5553}.Release|x86.ActiveCfg = Release|Any CPU
		{E1A98714-C570-41A7-8B8F-3B5B4C6B5553}.Release|x86.Build.0 = Release|Any CPU
		{D07F9F0C-DB83-4CF3-AC09-A87487B2FA96}.Debug|Any CPU.ActiveCfg = Debug|Any CPU
		{D07F9F0C-DB83-4CF3-AC09-A87487B2FA96}.Debug|Any CPU.Build.0 = Debug|Any CPU
		{D07F9F0C-DB83-4CF3-AC09-A87487B2FA96}.Debug|x64.ActiveCfg = Debug|Any CPU
		{D07F9F0C-DB83-4CF3-AC09-A87487B2FA96}.Debug|x64.Build.0 = Debug|Any CPU
		{D07F9F0C-DB83-4CF3-AC09-A87487B2FA96}.Debug|x86.ActiveCfg = Debug|Any CPU
		{D07F9F0C-DB83-4CF3-AC09-A87487B2FA96}.Debug|x86.Build.0 = Debug|Any CPU
		{D07F9F0C-DB83-4CF3-AC09-A87487B2FA96}.Release|Any CPU.ActiveCfg = Release|Any CPU
		{D07F9F0C-DB83-4CF3-AC09-A87487B2FA96}.Release|Any CPU.Build.0 = Release|Any CPU
		{D07F9F0C-DB83-4CF3-AC09-A87487B2FA96}.Release|x64.ActiveCfg = Release|Any CPU
		{D07F9F0C-DB83-4CF3-AC09-A87487B2FA96}.Release|x64.Build.0 = Release|Any CPU
		{D07F9F0C-DB83-4CF3-AC09-A87487B2FA96}.Release|x86.ActiveCfg = Release|Any CPU
		{D07F9F0C-DB83-4CF3-AC09-A87487B2FA96}.Release|x86.Build.0 = Release|Any CPU
		{E1B40BE8-DCC2-4211-9653-3E770C6162D0}.Debug|Any CPU.ActiveCfg = Debug|Any CPU
		{E1B40BE8-DCC2-4211-9653-3E770C6162D0}.Debug|Any CPU.Build.0 = Debug|Any CPU
		{E1B40BE8-DCC2-4211-9653-3E770C6162D0}.Debug|x64.ActiveCfg = Debug|Any CPU
		{E1B40BE8-DCC2-4211-9653-3E770C6162D0}.Debug|x64.Build.0 = Debug|Any CPU
		{E1B40BE8-DCC2-4211-9653-3E770C6162D0}.Debug|x86.ActiveCfg = Debug|Any CPU
		{E1B40BE8-DCC2-4211-9653-3E770C6162D0}.Debug|x86.Build.0 = Debug|Any CPU
		{E1B40BE8-DCC2-4211-9653-3E770C6162D0}.Release|Any CPU.ActiveCfg = Release|Any CPU
		{E1B40BE8-DCC2-4211-9653-3E770C6162D0}.Release|Any CPU.Build.0 = Release|Any CPU
		{E1B40BE8-DCC2-4211-9653-3E770C6162D0}.Release|x64.ActiveCfg = Release|Any CPU
		{E1B40BE8-DCC2-4211-9653-3E770C6162D0}.Release|x64.Build.0 = Release|Any CPU
		{E1B40BE8-DCC2-4211-9653-3E770C6162D0}.Release|x86.ActiveCfg = Release|Any CPU
		{E1B40BE8-DCC2-4211-9653-3E770C6162D0}.Release|x86.Build.0 = Release|Any CPU
		{7742F001-BC0D-48BF-AE48-DA454A17F3C0}.Debug|Any CPU.ActiveCfg = Debug|Any CPU
		{7742F001-BC0D-48BF-AE48-DA454A17F3C0}.Debug|Any CPU.Build.0 = Debug|Any CPU
		{7742F001-BC0D-48BF-AE48-DA454A17F3C0}.Debug|x64.ActiveCfg = Debug|Any CPU
		{7742F001-BC0D-48BF-AE48-DA454A17F3C0}.Debug|x64.Build.0 = Debug|Any CPU
		{7742F001-BC0D-48BF-AE48-DA454A17F3C0}.Debug|x86.ActiveCfg = Debug|Any CPU
		{7742F001-BC0D-48BF-AE48-DA454A17F3C0}.Debug|x86.Build.0 = Debug|Any CPU
		{7742F001-BC0D-48BF-AE48-DA454A17F3C0}.Release|Any CPU.ActiveCfg = Release|Any CPU
		{7742F001-BC0D-48BF-AE48-DA454A17F3C0}.Release|Any CPU.Build.0 = Release|Any CPU
		{7742F001-BC0D-48BF-AE48-DA454A17F3C0}.Release|x64.ActiveCfg = Release|Any CPU
		{7742F001-BC0D-48BF-AE48-DA454A17F3C0}.Release|x64.Build.0 = Release|Any CPU
		{7742F001-BC0D-48BF-AE48-DA454A17F3C0}.Release|x86.ActiveCfg = Release|Any CPU
		{7742F001-BC0D-48BF-AE48-DA454A17F3C0}.Release|x86.Build.0 = Release|Any CPU
		{59A4A7F9-ACA1-479A-AA8B-C13505BAE012}.Debug|Any CPU.ActiveCfg = Debug|Any CPU
		{59A4A7F9-ACA1-479A-AA8B-C13505BAE012}.Debug|Any CPU.Build.0 = Debug|Any CPU
		{59A4A7F9-ACA1-479A-AA8B-C13505BAE012}.Debug|x64.ActiveCfg = Debug|Any CPU
		{59A4A7F9-ACA1-479A-AA8B-C13505BAE012}.Debug|x64.Build.0 = Debug|Any CPU
		{59A4A7F9-ACA1-479A-AA8B-C13505BAE012}.Debug|x86.ActiveCfg = Debug|Any CPU
		{59A4A7F9-ACA1-479A-AA8B-C13505BAE012}.Debug|x86.Build.0 = Debug|Any CPU
		{59A4A7F9-ACA1-479A-AA8B-C13505BAE012}.Release|Any CPU.ActiveCfg = Release|Any CPU
		{59A4A7F9-ACA1-479A-AA8B-C13505BAE012}.Release|Any CPU.Build.0 = Release|Any CPU
		{59A4A7F9-ACA1-479A-AA8B-C13505BAE012}.Release|x64.ActiveCfg = Release|Any CPU
		{59A4A7F9-ACA1-479A-AA8B-C13505BAE012}.Release|x64.Build.0 = Release|Any CPU
		{59A4A7F9-ACA1-479A-AA8B-C13505BAE012}.Release|x86.ActiveCfg = Release|Any CPU
		{59A4A7F9-ACA1-479A-AA8B-C13505BAE012}.Release|x86.Build.0 = Release|Any CPU
		{1BE3C494-CB13-4DCB-9DE7-1163DA9658A6}.Debug|Any CPU.ActiveCfg = Debug|Any CPU
		{1BE3C494-CB13-4DCB-9DE7-1163DA9658A6}.Debug|Any CPU.Build.0 = Debug|Any CPU
		{1BE3C494-CB13-4DCB-9DE7-1163DA9658A6}.Debug|x64.ActiveCfg = Debug|Any CPU
		{1BE3C494-CB13-4DCB-9DE7-1163DA9658A6}.Debug|x64.Build.0 = Debug|Any CPU
		{1BE3C494-CB13-4DCB-9DE7-1163DA9658A6}.Debug|x86.ActiveCfg = Debug|Any CPU
		{1BE3C494-CB13-4DCB-9DE7-1163DA9658A6}.Debug|x86.Build.0 = Debug|Any CPU
		{1BE3C494-CB13-4DCB-9DE7-1163DA9658A6}.Release|Any CPU.ActiveCfg = Release|Any CPU
		{1BE3C494-CB13-4DCB-9DE7-1163DA9658A6}.Release|Any CPU.Build.0 = Release|Any CPU
		{1BE3C494-CB13-4DCB-9DE7-1163DA9658A6}.Release|x64.ActiveCfg = Release|Any CPU
		{1BE3C494-CB13-4DCB-9DE7-1163DA9658A6}.Release|x64.Build.0 = Release|Any CPU
		{1BE3C494-CB13-4DCB-9DE7-1163DA9658A6}.Release|x86.ActiveCfg = Release|Any CPU
		{1BE3C494-CB13-4DCB-9DE7-1163DA9658A6}.Release|x86.Build.0 = Release|Any CPU
		{EF9D9454-D1A2-421C-9A63-CE6477D6B91B}.Debug|Any CPU.ActiveCfg = Debug|Any CPU
		{EF9D9454-D1A2-421C-9A63-CE6477D6B91B}.Debug|Any CPU.Build.0 = Debug|Any CPU
		{EF9D9454-D1A2-421C-9A63-CE6477D6B91B}.Debug|x64.ActiveCfg = Debug|Any CPU
		{EF9D9454-D1A2-421C-9A63-CE6477D6B91B}.Debug|x64.Build.0 = Debug|Any CPU
		{EF9D9454-D1A2-421C-9A63-CE6477D6B91B}.Debug|x86.ActiveCfg = Debug|Any CPU
		{EF9D9454-D1A2-421C-9A63-CE6477D6B91B}.Debug|x86.Build.0 = Debug|Any CPU
		{EF9D9454-D1A2-421C-9A63-CE6477D6B91B}.Release|Any CPU.ActiveCfg = Release|Any CPU
		{EF9D9454-D1A2-421C-9A63-CE6477D6B91B}.Release|Any CPU.Build.0 = Release|Any CPU
		{EF9D9454-D1A2-421C-9A63-CE6477D6B91B}.Release|x64.ActiveCfg = Release|Any CPU
		{EF9D9454-D1A2-421C-9A63-CE6477D6B91B}.Release|x64.Build.0 = Release|Any CPU
		{EF9D9454-D1A2-421C-9A63-CE6477D6B91B}.Release|x86.ActiveCfg = Release|Any CPU
		{EF9D9454-D1A2-421C-9A63-CE6477D6B91B}.Release|x86.Build.0 = Release|Any CPU
		{5BD5EA4E-FAAD-4D36-B129-2203EF2674AD}.Debug|Any CPU.ActiveCfg = Debug|Any CPU
		{5BD5EA4E-FAAD-4D36-B129-2203EF2674AD}.Debug|Any CPU.Build.0 = Debug|Any CPU
		{5BD5EA4E-FAAD-4D36-B129-2203EF2674AD}.Debug|x64.ActiveCfg = Debug|Any CPU
		{5BD5EA4E-FAAD-4D36-B129-2203EF2674AD}.Debug|x64.Build.0 = Debug|Any CPU
		{5BD5EA4E-FAAD-4D36-B129-2203EF2674AD}.Debug|x86.ActiveCfg = Debug|Any CPU
		{5BD5EA4E-FAAD-4D36-B129-2203EF2674AD}.Debug|x86.Build.0 = Debug|Any CPU
		{5BD5EA4E-FAAD-4D36-B129-2203EF2674AD}.Release|Any CPU.ActiveCfg = Release|Any CPU
		{5BD5EA4E-FAAD-4D36-B129-2203EF2674AD}.Release|Any CPU.Build.0 = Release|Any CPU
		{5BD5EA4E-FAAD-4D36-B129-2203EF2674AD}.Release|x64.ActiveCfg = Release|Any CPU
		{5BD5EA4E-FAAD-4D36-B129-2203EF2674AD}.Release|x64.Build.0 = Release|Any CPU
		{5BD5EA4E-FAAD-4D36-B129-2203EF2674AD}.Release|x86.ActiveCfg = Release|Any CPU
		{5BD5EA4E-FAAD-4D36-B129-2203EF2674AD}.Release|x86.Build.0 = Release|Any CPU
	EndGlobalSection
	GlobalSection(NestedProjects) = preSolution
		{3B76D23F-3BCE-4CB2-9A75-B50AEEFFB647} = {2783CFF0-6071-4B9E-8414-18ACB95D1997}
		{AC5DDEBF-8793-411E-AD27-6F84C5D7FD98} = {2783CFF0-6071-4B9E-8414-18ACB95D1997}
		{DDBB7AC3-3493-465C-B3D8-AAD4BD95ECC8} = {2783CFF0-6071-4B9E-8414-18ACB95D1997}
		{C3394D6F-51FC-4DD1-9652-CF164142D8AB} = {2783CFF0-6071-4B9E-8414-18ACB95D1997}
		{1F338F25-83AE-4E38-8314-687FB9EF4259} = {2783CFF0-6071-4B9E-8414-18ACB95D1997}
		{A8012442-DA87-43D8-9DEF-6BCBF6DFCDAE} = {2783CFF0-6071-4B9E-8414-18ACB95D1997}
		{5FF3D006-7C82-439B-B84D-FC98A1261986} = {2783CFF0-6071-4B9E-8414-18ACB95D1997}
		{A8B3E117-26FF-4FC1-A381-ED115B3104D5} = {2783CFF0-6071-4B9E-8414-18ACB95D1997}
		{6AAE99B4-CEB9-4557-AB2D-764C22F5F7AC} = {A8B3E117-26FF-4FC1-A381-ED115B3104D5}
		{CADB3599-ED7A-4F8F-B4F5-B452AC864DCE} = {A8B3E117-26FF-4FC1-A381-ED115B3104D5}
		{F92A9C77-29E4-4763-9836-5A9C89935345} = {E42B6632-428F-4BDE-BB14-D8FA9DD42E87}
		{9D4C9530-87C6-47BE-B75A-78DF04EA2216} = {E42B6632-428F-4BDE-BB14-D8FA9DD42E87}
		{10856A2F-DE54-4CE1-8D36-C75F7BA51FF1} = {E42B6632-428F-4BDE-BB14-D8FA9DD42E87}
		{F56FB84A-DA27-4E79-97F5-58AE7F350EB9} = {824A4D14-F8BE-4618-AEDC-A34C9FD2261E}
		{6E93B04E-DEA8-461C-A68D-03A0632D4DCC} = {824A4D14-F8BE-4618-AEDC-A34C9FD2261E}
		{8CDBDC37-776E-4DEA-9CCE-7039F80CDAC2} = {824A4D14-F8BE-4618-AEDC-A34C9FD2261E}
		{7F7BA9EE-7649-46DA-8ED4-584EE589306C} = {824A4D14-F8BE-4618-AEDC-A34C9FD2261E}
		{D02EB83E-A8BD-4AAC-8565-4C431F07443D} = {05D9A3A5-02DB-44AC-8E17-030995037356}
		{297BFF41-F935-4E80-8B3C-7B58923658F5} = {C93E4ACE-B462-4601-AD70-594B9B6634BD}
		{111E7A57-0B51-4B64-84C9-604F2A4BEF6A} = {C93E4ACE-B462-4601-AD70-594B9B6634BD}
		{E1A98714-C570-41A7-8B8F-3B5B4C6B5553} = {2783CFF0-6071-4B9E-8414-18ACB95D1997}
		{D07F9F0C-DB83-4CF3-AC09-A87487B2FA96} = {A8B3E117-26FF-4FC1-A381-ED115B3104D5}
		{6DC783E9-2608-4485-8BD7-DC423EC6FFB8} = {824A4D14-F8BE-4618-AEDC-A34C9FD2261E}
		{E1B40BE8-DCC2-4211-9653-3E770C6162D0} = {6DC783E9-2608-4485-8BD7-DC423EC6FFB8}
		{7742F001-BC0D-48BF-AE48-DA454A17F3C0} = {A8B3E117-26FF-4FC1-A381-ED115B3104D5}
		{59A4A7F9-ACA1-479A-AA8B-C13505BAE012} = {A8B3E117-26FF-4FC1-A381-ED115B3104D5}
		{1BE3C494-CB13-4DCB-9DE7-1163DA9658A6} = {2783CFF0-6071-4B9E-8414-18ACB95D1997}
		{EF9D9454-D1A2-421C-9A63-CE6477D6B91B} = {A8B3E117-26FF-4FC1-A381-ED115B3104D5}
		{5BD5EA4E-FAAD-4D36-B129-2203EF2674AD} = {E42B6632-428F-4BDE-BB14-D8FA9DD42E87}
	EndGlobalSection
EndGlobal
