
Microsoft Visual Studio Solution File, Format Version 12.00
# Visual Studio Version 16
VisualStudioVersion = 16.0.30611.23
MinimumVisualStudioVersion = 10.0.40219.1
Project("{9A19103F-16F7-4668-BE54-9A1E7A4F7556}") = "TCUProvisioningVehicle", "TCUProvisioning\TCUProvisioningVehicle.csproj", "{874A8FDA-25CC-4949-8FC0-CF4740F3AF17}"
EndProject
Global
	GlobalSection(SolutionConfigurationPlatforms) = preSolution
		Debug|Any CPU = Debug|Any CPU
		Release|Any CPU = Release|Any CPU
	EndGlobalSection
	GlobalSection(ProjectConfigurationPlatforms) = postSolution
		{874A8FDA-25CC-4949-8FC0-CF4740F3AF17}.Debug|Any CPU.ActiveCfg = Debug|Any CPU
		{874A8FDA-25CC-4949-8FC0-CF4740F3AF17}.Debug|Any CPU.Build.0 = Debug|Any CPU
		{874A8FDA-25CC-4949-8FC0-CF4740F3AF17}.Release|Any CPU.ActiveCfg = Release|Any CPU
		{874A8FDA-25CC-4949-8FC0-CF4740F3AF17}.Release|Any CPU.Build.0 = Release|Any CPU
	EndGlobalSection
	GlobalSection(SolutionProperties) = preSolution
		HideSolutionNode = FALSE
	EndGlobalSection
	GlobalSection(ExtensibilityGlobals) = postSolution
		SolutionGuid = {820BC5FD-59BC-4158-B85E-E5B57611F635}
	EndGlobalSection
EndGlobal
