
Microsoft Visual Studio Solution File, Format Version 12.00
# Visual Studio Version 16
VisualStudioVersion = 16.0.30611.23
MinimumVisualStudioVersion = 10.0.40219.1
Project("{FAE04EC0-301F-11D3-BF4B-00C04F79EFBC}") = "repository", "repository\repository.csproj", "{FDBB4117-CE1D-44C9-A5AA-47A511B01D1D}"
EndProject
Global
	GlobalSection(SolutionConfigurationPlatforms) = preSolution
		Debug|Any CPU = Debug|Any CPU
		Release|Any CPU = Release|Any CPU
	EndGlobalSection
	GlobalSection(ProjectConfigurationPlatforms) = postSolution
		{FDBB4117-CE1D-44C9-A5AA-47A511B01D1D}.Debug|Any CPU.ActiveCfg = Debug|Any CPU
		{FDBB4117-CE1D-44C9-A5AA-47A511B01D1D}.Debug|Any CPU.Build.0 = Debug|Any CPU
		{FDBB4117-CE1D-44C9-A5AA-47A511B01D1D}.Release|Any CPU.ActiveCfg = Release|Any CPU
		{FDBB4117-CE1D-44C9-A5AA-47A511B01D1D}.Release|Any CPU.Build.0 = Release|Any CPU
	EndGlobalSection
	GlobalSection(SolutionProperties) = preSolution
		HideSolutionNode = FALSE
	EndGlobalSection
	GlobalSection(ExtensibilityGlobals) = postSolution
		SolutionGuid = {68F038B3-7C65-432B-A5F9-3FEE4798DA41}
	EndGlobalSection
EndGlobal
