
Microsoft Visual Studio Solution File, Format Version 12.00
# Visual Studio 15
VisualStudioVersion = 15.0.26124.0
MinimumVisualStudioVersion = 15.0.26124.0
Project("{FAE04EC0-301F-11D3-BF4B-00C04F79EFBC}") = "net.atos.daf.ct2.account", "net.atos.daf.ct2.account\net.atos.daf.ct2.account.csproj", "{2D985DEE-D438-4385-88C1-3BD026BC041F}"
EndProject
Project("{FAE04EC0-301F-11D3-BF4B-00C04F79EFBC}") = "net.atos.daf.ct2.role", "net.atos.daf.ct2.role\net.atos.daf.ct2.role.csproj", "{D9B31664-7EF5-46B0-AE8A-6B9EB880D8F6}"
EndProject
Project("{FAE04EC0-301F-11D3-BF4B-00C04F79EFBC}") = "net.atos.daf.ct2.vehicle", "net.atos.daf.ct2.vehicle\net.atos.daf.ct2.vehicle.csproj", "{3C68DC46-24B3-4AA1-BDEE-C0660E91F729}"
EndProject
Project("{FAE04EC0-301F-11D3-BF4B-00C04F79EFBC}") = "net.atos.daf.ct2.identity", "net.atos.daf.ct2.identity\net.atos.daf.ct2.identity.csproj", "{3CFDCF20-FA1A-458B-B735-43D0A7CF5618}"
EndProject
Project("{FAE04EC0-301F-11D3-BF4B-00C04F79EFBC}") = "net.atos.daf.ct2.driver", "net.atos.daf.ct2.driver\net.atos.daf.ct2.driver.csproj", "{2476945E-BCB5-4B1C-BB86-D7025ABE14DF}"
EndProject
Project("{FAE04EC0-301F-11D3-BF4B-00C04F79EFBC}") = "net.atos.daf.ct2.visibility", "net.atos.daf.ct2.visibility\net.atos.daf.ct2.visibility.csproj", "{C476731B-76EB-47AC-B50C-8097A3A0F638}"
EndProject
Project("{FAE04EC0-301F-11D3-BF4B-00C04F79EFBC}") = "net.atos.daf.ct2.group", "net.atos.daf.ct2.group\net.atos.daf.ct2.group.csproj", "{DC410437-CB74-4D7D-A892-48F53FC7197A}"
EndProject
Global
	GlobalSection(SolutionConfigurationPlatforms) = preSolution
		Debug|Any CPU = Debug|Any CPU
		Debug|x64 = Debug|x64
		Debug|x86 = Debug|x86
		Release|Any CPU = Release|Any CPU
		Release|x64 = Release|x64
		Release|x86 = Release|x86
	EndGlobalSection
	GlobalSection(SolutionProperties) = preSolution
		HideSolutionNode = FALSE
	EndGlobalSection
	GlobalSection(ProjectConfigurationPlatforms) = postSolution
		{2D985DEE-D438-4385-88C1-3BD026BC041F}.Debug|Any CPU.ActiveCfg = Debug|Any CPU
		{2D985DEE-D438-4385-88C1-3BD026BC041F}.Debug|Any CPU.Build.0 = Debug|Any CPU
		{2D985DEE-D438-4385-88C1-3BD026BC041F}.Debug|x64.ActiveCfg = Debug|Any CPU
		{2D985DEE-D438-4385-88C1-3BD026BC041F}.Debug|x64.Build.0 = Debug|Any CPU
		{2D985DEE-D438-4385-88C1-3BD026BC041F}.Debug|x86.ActiveCfg = Debug|Any CPU
		{2D985DEE-D438-4385-88C1-3BD026BC041F}.Debug|x86.Build.0 = Debug|Any CPU
		{2D985DEE-D438-4385-88C1-3BD026BC041F}.Release|Any CPU.ActiveCfg = Release|Any CPU
		{2D985DEE-D438-4385-88C1-3BD026BC041F}.Release|Any CPU.Build.0 = Release|Any CPU
		{2D985DEE-D438-4385-88C1-3BD026BC041F}.Release|x64.ActiveCfg = Release|Any CPU
		{2D985DEE-D438-4385-88C1-3BD026BC041F}.Release|x64.Build.0 = Release|Any CPU
		{2D985DEE-D438-4385-88C1-3BD026BC041F}.Release|x86.ActiveCfg = Release|Any CPU
		{2D985DEE-D438-4385-88C1-3BD026BC041F}.Release|x86.Build.0 = Release|Any CPU
		{D9B31664-7EF5-46B0-AE8A-6B9EB880D8F6}.Debug|Any CPU.ActiveCfg = Debug|Any CPU
		{D9B31664-7EF5-46B0-AE8A-6B9EB880D8F6}.Debug|Any CPU.Build.0 = Debug|Any CPU
		{D9B31664-7EF5-46B0-AE8A-6B9EB880D8F6}.Debug|x64.ActiveCfg = Debug|Any CPU
		{D9B31664-7EF5-46B0-AE8A-6B9EB880D8F6}.Debug|x64.Build.0 = Debug|Any CPU
		{D9B31664-7EF5-46B0-AE8A-6B9EB880D8F6}.Debug|x86.ActiveCfg = Debug|Any CPU
		{D9B31664-7EF5-46B0-AE8A-6B9EB880D8F6}.Debug|x86.Build.0 = Debug|Any CPU
		{D9B31664-7EF5-46B0-AE8A-6B9EB880D8F6}.Release|Any CPU.ActiveCfg = Release|Any CPU
		{D9B31664-7EF5-46B0-AE8A-6B9EB880D8F6}.Release|Any CPU.Build.0 = Release|Any CPU
		{D9B31664-7EF5-46B0-AE8A-6B9EB880D8F6}.Release|x64.ActiveCfg = Release|Any CPU
		{D9B31664-7EF5-46B0-AE8A-6B9EB880D8F6}.Release|x64.Build.0 = Release|Any CPU
		{D9B31664-7EF5-46B0-AE8A-6B9EB880D8F6}.Release|x86.ActiveCfg = Release|Any CPU
		{D9B31664-7EF5-46B0-AE8A-6B9EB880D8F6}.Release|x86.Build.0 = Release|Any CPU
		{3C68DC46-24B3-4AA1-BDEE-C0660E91F729}.Debug|Any CPU.ActiveCfg = Debug|Any CPU
		{3C68DC46-24B3-4AA1-BDEE-C0660E91F729}.Debug|Any CPU.Build.0 = Debug|Any CPU
		{3C68DC46-24B3-4AA1-BDEE-C0660E91F729}.Debug|x64.ActiveCfg = Debug|Any CPU
		{3C68DC46-24B3-4AA1-BDEE-C0660E91F729}.Debug|x64.Build.0 = Debug|Any CPU
		{3C68DC46-24B3-4AA1-BDEE-C0660E91F729}.Debug|x86.ActiveCfg = Debug|Any CPU
		{3C68DC46-24B3-4AA1-BDEE-C0660E91F729}.Debug|x86.Build.0 = Debug|Any CPU
		{3C68DC46-24B3-4AA1-BDEE-C0660E91F729}.Release|Any CPU.ActiveCfg = Release|Any CPU
		{3C68DC46-24B3-4AA1-BDEE-C0660E91F729}.Release|Any CPU.Build.0 = Release|Any CPU
		{3C68DC46-24B3-4AA1-BDEE-C0660E91F729}.Release|x64.ActiveCfg = Release|Any CPU
		{3C68DC46-24B3-4AA1-BDEE-C0660E91F729}.Release|x64.Build.0 = Release|Any CPU
		{3C68DC46-24B3-4AA1-BDEE-C0660E91F729}.Release|x86.ActiveCfg = Release|Any CPU
		{3C68DC46-24B3-4AA1-BDEE-C0660E91F729}.Release|x86.Build.0 = Release|Any CPU
		{3CFDCF20-FA1A-458B-B735-43D0A7CF5618}.Debug|Any CPU.ActiveCfg = Debug|Any CPU
		{3CFDCF20-FA1A-458B-B735-43D0A7CF5618}.Debug|Any CPU.Build.0 = Debug|Any CPU
		{3CFDCF20-FA1A-458B-B735-43D0A7CF5618}.Debug|x64.ActiveCfg = Debug|Any CPU
		{3CFDCF20-FA1A-458B-B735-43D0A7CF5618}.Debug|x64.Build.0 = Debug|Any CPU
		{3CFDCF20-FA1A-458B-B735-43D0A7CF5618}.Debug|x86.ActiveCfg = Debug|Any CPU
		{3CFDCF20-FA1A-458B-B735-43D0A7CF5618}.Debug|x86.Build.0 = Debug|Any CPU
		{3CFDCF20-FA1A-458B-B735-43D0A7CF5618}.Release|Any CPU.ActiveCfg = Release|Any CPU
		{3CFDCF20-FA1A-458B-B735-43D0A7CF5618}.Release|Any CPU.Build.0 = Release|Any CPU
		{3CFDCF20-FA1A-458B-B735-43D0A7CF5618}.Release|x64.ActiveCfg = Release|Any CPU
		{3CFDCF20-FA1A-458B-B735-43D0A7CF5618}.Release|x64.Build.0 = Release|Any CPU
		{3CFDCF20-FA1A-458B-B735-43D0A7CF5618}.Release|x86.ActiveCfg = Release|Any CPU
		{3CFDCF20-FA1A-458B-B735-43D0A7CF5618}.Release|x86.Build.0 = Release|Any CPU
		{2476945E-BCB5-4B1C-BB86-D7025ABE14DF}.Debug|Any CPU.ActiveCfg = Debug|Any CPU
		{2476945E-BCB5-4B1C-BB86-D7025ABE14DF}.Debug|Any CPU.Build.0 = Debug|Any CPU
		{2476945E-BCB5-4B1C-BB86-D7025ABE14DF}.Debug|x64.ActiveCfg = Debug|Any CPU
		{2476945E-BCB5-4B1C-BB86-D7025ABE14DF}.Debug|x64.Build.0 = Debug|Any CPU
		{2476945E-BCB5-4B1C-BB86-D7025ABE14DF}.Debug|x86.ActiveCfg = Debug|Any CPU
		{2476945E-BCB5-4B1C-BB86-D7025ABE14DF}.Debug|x86.Build.0 = Debug|Any CPU
		{2476945E-BCB5-4B1C-BB86-D7025ABE14DF}.Release|Any CPU.ActiveCfg = Release|Any CPU
		{2476945E-BCB5-4B1C-BB86-D7025ABE14DF}.Release|Any CPU.Build.0 = Release|Any CPU
		{2476945E-BCB5-4B1C-BB86-D7025ABE14DF}.Release|x64.ActiveCfg = Release|Any CPU
		{2476945E-BCB5-4B1C-BB86-D7025ABE14DF}.Release|x64.Build.0 = Release|Any CPU
		{2476945E-BCB5-4B1C-BB86-D7025ABE14DF}.Release|x86.ActiveCfg = Release|Any CPU
		{2476945E-BCB5-4B1C-BB86-D7025ABE14DF}.Release|x86.Build.0 = Release|Any CPU
		{C476731B-76EB-47AC-B50C-8097A3A0F638}.Debug|Any CPU.ActiveCfg = Debug|Any CPU
		{C476731B-76EB-47AC-B50C-8097A3A0F638}.Debug|Any CPU.Build.0 = Debug|Any CPU
		{C476731B-76EB-47AC-B50C-8097A3A0F638}.Debug|x64.ActiveCfg = Debug|Any CPU
		{C476731B-76EB-47AC-B50C-8097A3A0F638}.Debug|x64.Build.0 = Debug|Any CPU
		{C476731B-76EB-47AC-B50C-8097A3A0F638}.Debug|x86.ActiveCfg = Debug|Any CPU
		{C476731B-76EB-47AC-B50C-8097A3A0F638}.Debug|x86.Build.0 = Debug|Any CPU
		{C476731B-76EB-47AC-B50C-8097A3A0F638}.Release|Any CPU.ActiveCfg = Release|Any CPU
		{C476731B-76EB-47AC-B50C-8097A3A0F638}.Release|Any CPU.Build.0 = Release|Any CPU
		{C476731B-76EB-47AC-B50C-8097A3A0F638}.Release|x64.ActiveCfg = Release|Any CPU
		{C476731B-76EB-47AC-B50C-8097A3A0F638}.Release|x64.Build.0 = Release|Any CPU
		{C476731B-76EB-47AC-B50C-8097A3A0F638}.Release|x86.ActiveCfg = Release|Any CPU
		{C476731B-76EB-47AC-B50C-8097A3A0F638}.Release|x86.Build.0 = Release|Any CPU
		{DC410437-CB74-4D7D-A892-48F53FC7197A}.Debug|Any CPU.ActiveCfg = Debug|Any CPU
		{DC410437-CB74-4D7D-A892-48F53FC7197A}.Debug|Any CPU.Build.0 = Debug|Any CPU
		{DC410437-CB74-4D7D-A892-48F53FC7197A}.Debug|x64.ActiveCfg = Debug|Any CPU
		{DC410437-CB74-4D7D-A892-48F53FC7197A}.Debug|x64.Build.0 = Debug|Any CPU
		{DC410437-CB74-4D7D-A892-48F53FC7197A}.Debug|x86.ActiveCfg = Debug|Any CPU
		{DC410437-CB74-4D7D-A892-48F53FC7197A}.Debug|x86.Build.0 = Debug|Any CPU
		{DC410437-CB74-4D7D-A892-48F53FC7197A}.Release|Any CPU.ActiveCfg = Release|Any CPU
		{DC410437-CB74-4D7D-A892-48F53FC7197A}.Release|Any CPU.Build.0 = Release|Any CPU
		{DC410437-CB74-4D7D-A892-48F53FC7197A}.Release|x64.ActiveCfg = Release|Any CPU
		{DC410437-CB74-4D7D-A892-48F53FC7197A}.Release|x64.Build.0 = Release|Any CPU
		{DC410437-CB74-4D7D-A892-48F53FC7197A}.Release|x86.ActiveCfg = Release|Any CPU
		{DC410437-CB74-4D7D-A892-48F53FC7197A}.Release|x86.Build.0 = Release|Any CPU
	EndGlobalSection
EndGlobal
